// !$*UTF8*$!
{
	archiveVersion = 1;
	classes = {
	};
	objectVersion = 46;
	objects = {

/* Begin PBXBuildFile section */
		0409306C2876EB2D00B3A76D /* AppDelegate.mm in Sources */ = {isa = PBXBuildFile; fileRef = 0409306B2876EB2D00B3A76D /* AppDelegate.mm */; };
		0449761322B8C558003DFC41 /* JavaScriptCore.framework in Frameworks */ = {isa = PBXBuildFile; fileRef = 044975C522B8C558003DFC41 /* JavaScriptCore.framework */; };
		0453E623212045DA0078059D /* CallKit.framework in Frameworks */ = {isa = PBXBuildFile; fileRef = 0453E5DB212045DA0078059D /* CallKit.framework */; };
		0486BED12008CC5F00DF553B /* bot_dependencies in Resources */ = {isa = PBXBuildFile; fileRef = 0486BECF2008CC5F00DF553B /* bot_dependencies */; };
		0486BED22008CC5F00DF553B /* bots in Resources */ = {isa = PBXBuildFile; fileRef = 0486BED02008CC5F00DF553B /* bots */; };
		0737ECB9C5F7495890738515 /* Roboto-Light.ttf in Resources */ = {isa = PBXBuildFile; fileRef = C5B53366C23949A3920442FE /* Roboto-Light.ttf */; };
		13B07FBD1A68108700A75B9A /* LaunchScreen.xib in Resources */ = {isa = PBXBuildFile; fileRef = 13B07FB11A68108700A75B9A /* LaunchScreen.xib */; };
		13B07FBF1A68108700A75B9A /* Images.xcassets in Resources */ = {isa = PBXBuildFile; fileRef = 13B07FB51A68108700A75B9A /* Images.xcassets */; };
		13B07FC11A68108700A75B9A /* main.m in Sources */ = {isa = PBXBuildFile; fileRef = 13B07FB71A68108700A75B9A /* main.m */; };
		213A9F9C22D8E19A00515509 /* libsqlite3.tbd in Frameworks */ = {isa = PBXBuildFile; fileRef = 213A9F9B22D8E19A00515509 /* libsqlite3.tbd */; };
		21D37EDE216CB089009C8922 /* StoreKit.framework in Frameworks */ = {isa = PBXBuildFile; fileRef = 21D37EDD216CB089009C8922 /* StoreKit.framework */; };
		2A9D9D7D71D04C8FB786668C /* Roboto-Regular.ttf in Resources */ = {isa = PBXBuildFile; fileRef = EACB1DCCE1334AFA8E969BB6 /* Roboto-Regular.ttf */; };
		2D0BBCA1DA6F436D86AB0045 /* libz.tbd in Frameworks */ = {isa = PBXBuildFile; fileRef = AF211C1B79C4421DA60C8697 /* libz.tbd */; };
		319EFC1442A8414BA51CA7B7 /* SafariServices.framework in Frameworks */ = {isa = PBXBuildFile; fileRef = 006D5BD8DC874603BB4800FB /* SafariServices.framework */; };
		49BF6C422AA9F8580082633B /* Figtree-Italic.ttf in Resources */ = {isa = PBXBuildFile; fileRef = 49BF6C402AA9F8580082633B /* Figtree-Italic.ttf */; };
		49BF6C432AA9F8580082633B /* Figtree.ttf in Resources */ = {isa = PBXBuildFile; fileRef = 49BF6C412AA9F8580082633B /* Figtree.ttf */; };
		529442DF25174832A48A76D8 /* Roboto-ThinItalic.ttf in Resources */ = {isa = PBXBuildFile; fileRef = 3C941F20D78F444194CAAEB0 /* Roboto-ThinItalic.ttf */; };
		57646875A760463D946A811E /* libsqlite3.0.tbd in Frameworks */ = {isa = PBXBuildFile; fileRef = 75812EF58C4D4BCAB0FF4872 /* libsqlite3.0.tbd */; };
		64A91D96634C4E60BA7E5FA0 /* Roboto-BoldItalic.ttf in Resources */ = {isa = PBXBuildFile; fileRef = 94E823C8560D4D12994D59C2 /* Roboto-BoldItalic.ttf */; };
		878E2E8B34E94E2B882F4609 /* Roboto-Medium.ttf in Resources */ = {isa = PBXBuildFile; fileRef = D41C5325837949578794C74C /* Roboto-Medium.ttf */; };
		89DC4A73DF3D45179075391C /* libRNVectorIcons.a in Frameworks */ = {isa = PBXBuildFile; fileRef = FE75215682854A6787976CA1 /* libRNVectorIcons.a */; };
		89F3DC9224B142B4BACC9086 /* libRNFS.a in Frameworks */ = {isa = PBXBuildFile; fileRef = DEDFE3AADCFB40338C03BF19 /* libRNFS.a */; };
		8C52E5FF704F4F9F861A5DC6 /* SystemConfiguration.framework in Frameworks */ = {isa = PBXBuildFile; fileRef = A7982D89132F446980344C24 /* SystemConfiguration.framework */; };
		9171D3BD719440D79ADFF370 /* libRNSound.a in Frameworks */ = {isa = PBXBuildFile; fileRef = 4ADB3CA7D1A6496C8CECFD75 /* libRNSound.a */; };
		9D8E5A0F54FA42D29615B6AC /* Roboto-LightItalic.ttf in Resources */ = {isa = PBXBuildFile; fileRef = FFF7F68775CB48BBAE78A4FC /* Roboto-LightItalic.ttf */; };
		9E1E2C7E649E4F9CA56AE820 /* libRNSVG.a in Frameworks */ = {isa = PBXBuildFile; fileRef = 429900950192486080C1A87E /* libRNSVG.a */; };
		A01C18A8BD6643498355AB32 /* Roboto-Thin.ttf in Resources */ = {isa = PBXBuildFile; fileRef = 7513936D478D492197BE5529 /* Roboto-Thin.ttf */; };
		BABDF2E92738F5C500428881 /* IAP_Configuration.storekit in Resources */ = {isa = PBXBuildFile; fileRef = BABDF2E82738F5C500428881 /* IAP_Configuration.storekit */; };
		D47F6DEF4554471B9F13E7CF /* Roboto-Black.ttf in Resources */ = {isa = PBXBuildFile; fileRef = A9330A8221C64F3DB76017CE /* Roboto-Black.ttf */; };
		D57E13B72925448D911FACCA /* Roboto-Italic.ttf in Resources */ = {isa = PBXBuildFile; fileRef = F60ACBCC09164446B456B2B5 /* Roboto-Italic.ttf */; };
		DCC6B1A3AB014119B60F543F /* AddressBook.framework in Frameworks */ = {isa = PBXBuildFile; fileRef = 6455D14207044E8F88F76EC3 /* AddressBook.framework */; };
		E681EF2FFC2A48089E643DC1 /* Roboto-MediumItalic.ttf in Resources */ = {isa = PBXBuildFile; fileRef = D5239C21E13A4B7DB35116C9 /* Roboto-MediumItalic.ttf */; };
		EB92FABA64F3449CBCF981AA /* Roboto-Bold.ttf in Resources */ = {isa = PBXBuildFile; fileRef = E59CEA7F27E84B5AA7DAB315 /* Roboto-Bold.ttf */; };
		EF9CC6FD88C841CABDAE29B5 /* Roboto-BlackItalic.ttf in Resources */ = {isa = PBXBuildFile; fileRef = CF34B1ED75FC4F7291706EFD /* Roboto-BlackItalic.ttf */; };
		EFBF447624BDB4A3520139B7 /* libPods-frontm_mobile.a in Frameworks */ = {isa = PBXBuildFile; fileRef = 2971A25E697AFA5708EE84A0 /* libPods-frontm_mobile.a */; };
		F315D5632541C7A20066C9E5 /* incallmanager_ringback.mp3 in Resources */ = {isa = PBXBuildFile; fileRef = F315D5622541C7A10066C9E5 /* incallmanager_ringback.mp3 */; };
		F38820292487535F0019E7F8 /* WebRTC.framework in Frameworks */ = {isa = PBXBuildFile; fileRef = F38820282487535F0019E7F8 /* WebRTC.framework */; };
		F3B9C347248689950099A811 /* File.swift in Sources */ = {isa = PBXBuildFile; fileRef = F3B9C346248689950099A811 /* File.swift */; };
/* End PBXBuildFile section */

/* Begin PBXContainerItemProxy section */
		F3882026248753490019E7F8 /* PBXContainerItemProxy */ = {
			isa = PBXContainerItemProxy;
			containerPortal = F3882022248753490019E7F8 /* RCTWebRTC.xcodeproj */;
			proxyType = 2;
			remoteGlobalIDString = 35A2221F1CB493700015FD5C;
			remoteInfo = RCTWebRTC;
		};
		F3882039248781520019E7F8 /* PBXContainerItemProxy */ = {
			isa = PBXContainerItemProxy;
			containerPortal = F3882034248781520019E7F8 /* RNTwilioVoiceLibrary.xcodeproj */;
			proxyType = 2;
			remoteGlobalIDString = 134814201AA4EA6300B7C361;
			remoteInfo = RNTwilioVoiceLibrary;
		};
/* End PBXContainerItemProxy section */

/* Begin PBXFileReference section */
		006D5BD8DC874603BB4800FB /* SafariServices.framework */ = {isa = PBXFileReference; explicitFileType = undefined; fileEncoding = 9; includeInIndex = 0; lastKnownFileType = wrapper.framework; name = SafariServices.framework; path = System/Library/Frameworks/SafariServices.framework; sourceTree = SDKROOT; };
		00E356F11AD99517003FC87E /* Info.plist */ = {isa = PBXFileReference; lastKnownFileType = text.plist.xml; path = Info.plist; sourceTree = "<group>"; };
		00E356F21AD99517003FC87E /* frontm_mobileTests.m */ = {isa = PBXFileReference; lastKnownFileType = sourcecode.c.objc; path = frontm_mobileTests.m; sourceTree = "<group>"; };
		0409306B2876EB2D00B3A76D /* AppDelegate.mm */ = {isa = PBXFileReference; fileEncoding = 4; lastKnownFileType = sourcecode.cpp.objcpp; name = AppDelegate.mm; path = frontm_mobile/AppDelegate.mm; sourceTree = "<group>"; };
		040C5BD81FFDF22F0071B62D /* GoogleSignInDependencies.framework */ = {isa = PBXFileReference; lastKnownFileType = wrapper.framework; path = GoogleSignInDependencies.framework; sourceTree = "<group>"; };
		040C5BD91FFDF22F0071B62D /* GoogleSignIn.bundle */ = {isa = PBXFileReference; lastKnownFileType = "wrapper.plug-in"; path = GoogleSignIn.bundle; sourceTree = "<group>"; };
		040C5BDA1FFDF2300071B62D /* GoogleSignIn.framework */ = {isa = PBXFileReference; lastKnownFileType = wrapper.framework; path = GoogleSignIn.framework; sourceTree = "<group>"; };
		044975C522B8C558003DFC41 /* JavaScriptCore.framework */ = {isa = PBXFileReference; lastKnownFileType = wrapper.framework; name = JavaScriptCore.framework; path = System/Library/Frameworks/JavaScriptCore.framework; sourceTree = SDKROOT; };
		044BAB1C32841A25AE2C8BE8 /* Pods-frontm_mobile.debug.xcconfig */ = {isa = PBXFileReference; includeInIndex = 1; lastKnownFileType = text.xcconfig; name = "Pods-frontm_mobile.debug.xcconfig"; path = "Target Support Files/Pods-frontm_mobile/Pods-frontm_mobile.debug.xcconfig"; sourceTree = "<group>"; };
		0453E5DB212045DA0078059D /* CallKit.framework */ = {isa = PBXFileReference; lastKnownFileType = wrapper.framework; name = CallKit.framework; path = System/Library/Frameworks/CallKit.framework; sourceTree = SDKROOT; };
		045F0B741FFFE128005C0ACE /* frontm_mobile_prod.entitlements */ = {isa = PBXFileReference; lastKnownFileType = text.plist.entitlements; path = frontm_mobile_prod.entitlements; sourceTree = "<group>"; };
		045F0B751FFFE137005C0ACE /* frontm_mobile.entitlements */ = {isa = PBXFileReference; lastKnownFileType = text.plist.entitlements; name = frontm_mobile.entitlements; path = frontm_mobile/frontm_mobile.entitlements; sourceTree = "<group>"; };
		0485F18920769A8500D5525E /* frontm_mobile-Bridging-Header.h */ = {isa = PBXFileReference; lastKnownFileType = sourcecode.c.h; path = "frontm_mobile-Bridging-Header.h"; sourceTree = "<group>"; };
		0486BECF2008CC5F00DF553B /* bot_dependencies */ = {isa = PBXFileReference; lastKnownFileType = folder; name = bot_dependencies; path = ../initial_bots/bot_dependencies; sourceTree = "<group>"; };
		0486BED02008CC5F00DF553B /* bots */ = {isa = PBXFileReference; lastKnownFileType = folder; name = bots; path = ../initial_bots/bots; sourceTree = "<group>"; };
		04CAED6D224E3E2100DD0CE0 /* Info-prod.plist */ = {isa = PBXFileReference; lastKnownFileType = text.plist.xml; name = "Info-prod.plist"; path = "frontm_mobile/Info-prod.plist"; sourceTree = "<group>"; };
		04CAEF3A224E4D5900DD0CE0 /* frontm_mobile copy-Info.plist */ = {isa = PBXFileReference; lastKnownFileType = text.plist.xml; name = "frontm_mobile copy-Info.plist"; path = "/Users/amal/dev/client-projects/frontm/frontm_mobile/ios/frontm_mobile copy-Info.plist"; sourceTree = "<absolute>"; };
		04CAF005224E4DF800DD0CE0 /* frontm_mobile copy2-Info.plist */ = {isa = PBXFileReference; lastKnownFileType = text.plist.xml; name = "frontm_mobile copy2-Info.plist"; path = "/Users/amal/dev/client-projects/frontm/frontm_mobile/ios/frontm_mobile copy2-Info.plist"; sourceTree = "<absolute>"; };
		13B07F961A680F5B00A75B9A /* onship.app */ = {isa = PBXFileReference; explicitFileType = wrapper.application; includeInIndex = 0; path = onship.app; sourceTree = BUILT_PRODUCTS_DIR; };
		13B07FAF1A68108700A75B9A /* AppDelegate.h */ = {isa = PBXFileReference; fileEncoding = 4; lastKnownFileType = sourcecode.c.h; name = AppDelegate.h; path = frontm_mobile/AppDelegate.h; sourceTree = "<group>"; };
		13B07FB21A68108700A75B9A /* Base */ = {isa = PBXFileReference; lastKnownFileType = file.xib; name = Base; path = Base.lproj/LaunchScreen.xib; sourceTree = "<group>"; };
		13B07FB51A68108700A75B9A /* Images.xcassets */ = {isa = PBXFileReference; lastKnownFileType = folder.assetcatalog; name = Images.xcassets; path = frontm_mobile/Images.xcassets; sourceTree = "<group>"; };
		13B07FB71A68108700A75B9A /* main.m */ = {isa = PBXFileReference; fileEncoding = 4; lastKnownFileType = sourcecode.c.objc; name = main.m; path = frontm_mobile/main.m; sourceTree = "<group>"; };
		1893FFDAF4A7436F8CD31788 /* libTcpSockets.a */ = {isa = PBXFileReference; explicitFileType = undefined; fileEncoding = 9; includeInIndex = 0; lastKnownFileType = archive.ar; path = libTcpSockets.a; sourceTree = "<group>"; };
		213A9F9B22D8E19A00515509 /* libsqlite3.tbd */ = {isa = PBXFileReference; lastKnownFileType = "sourcecode.text-based-dylib-definition"; name = libsqlite3.tbd; path = usr/lib/libsqlite3.tbd; sourceTree = SDKROOT; };
		213A9F9D22D8E1F700515509 /* TSLocationManager.framework */ = {isa = PBXFileReference; lastKnownFileType = wrapper.framework; name = TSLocationManager.framework; path = "../node_modules/react-native-background-geolocation/ios/RNBackgroundGeolocation/TSLocationManager.framework"; sourceTree = "<group>"; };
		213A9F9F22D8E21700515509 /* TSBackgroundFetch.framework */ = {isa = PBXFileReference; lastKnownFileType = wrapper.framework; name = TSBackgroundFetch.framework; path = "../node_modules/react-native-background-fetch/ios/RNBackgroundFetch/TSBackgroundFetch.framework"; sourceTree = "<group>"; };
		21D37EDD216CB089009C8922 /* StoreKit.framework */ = {isa = PBXFileReference; lastKnownFileType = wrapper.framework; name = StoreKit.framework; path = System/Library/Frameworks/StoreKit.framework; sourceTree = SDKROOT; };
		256F5B9952B44327858F89C0 /* libRNKeychain.a */ = {isa = PBXFileReference; explicitFileType = undefined; fileEncoding = 9; includeInIndex = 0; lastKnownFileType = archive.ar; path = libRNKeychain.a; sourceTree = "<group>"; };
		2971A25E697AFA5708EE84A0 /* libPods-frontm_mobile.a */ = {isa = PBXFileReference; explicitFileType = archive.ar; includeInIndex = 0; path = "libPods-frontm_mobile.a"; sourceTree = BUILT_PRODUCTS_DIR; };
		3C941F20D78F444194CAAEB0 /* Roboto-ThinItalic.ttf */ = {isa = PBXFileReference; explicitFileType = undefined; fileEncoding = 9; includeInIndex = 0; lastKnownFileType = unknown; name = "Roboto-ThinItalic.ttf"; path = "../assets/fonts/Roboto/Roboto-ThinItalic.ttf"; sourceTree = "<group>"; };
		429900950192486080C1A87E /* libRNSVG.a */ = {isa = PBXFileReference; explicitFileType = undefined; fileEncoding = 9; includeInIndex = 0; lastKnownFileType = archive.ar; path = libRNSVG.a; sourceTree = "<group>"; };
		49BF6C402AA9F8580082633B /* Figtree-Italic.ttf */ = {isa = PBXFileReference; lastKnownFileType = file; name = "Figtree-Italic.ttf"; path = "../assets/fonts/Figtree/Figtree-Italic.ttf"; sourceTree = "<group>"; };
		49BF6C412AA9F8580082633B /* Figtree.ttf */ = {isa = PBXFileReference; lastKnownFileType = file; name = Figtree.ttf; path = ../assets/fonts/Figtree/Figtree.ttf; sourceTree = "<group>"; };
		4ADB3CA7D1A6496C8CECFD75 /* libRNSound.a */ = {isa = PBXFileReference; explicitFileType = undefined; fileEncoding = 9; includeInIndex = 0; lastKnownFileType = archive.ar; path = libRNSound.a; sourceTree = "<group>"; };
		527FA991FBE9494095F65A4B /* libRNI18n.a */ = {isa = PBXFileReference; explicitFileType = undefined; fileEncoding = 9; includeInIndex = 0; lastKnownFileType = archive.ar; path = libRNI18n.a; sourceTree = "<group>"; };
		556C25EA73DE44548EE2DB82 /* libRNFetchBlob.a */ = {isa = PBXFileReference; explicitFileType = undefined; fileEncoding = 9; includeInIndex = 0; lastKnownFileType = archive.ar; path = libRNFetchBlob.a; sourceTree = "<group>"; };
		619956975FE040FE82D453AE /* libAirMaps.a */ = {isa = PBXFileReference; explicitFileType = undefined; fileEncoding = 9; includeInIndex = 0; lastKnownFileType = archive.ar; path = libAirMaps.a; sourceTree = "<group>"; };
		6455D14207044E8F88F76EC3 /* AddressBook.framework */ = {isa = PBXFileReference; explicitFileType = undefined; fileEncoding = 9; includeInIndex = 0; lastKnownFileType = wrapper.framework; name = AddressBook.framework; path = System/Library/Frameworks/AddressBook.framework; sourceTree = SDKROOT; };
		6B2A5D692355CDDD0052E154 /* Zocial.ttf */ = {isa = PBXFileReference; lastKnownFileType = file; name = Zocial.ttf; path = "../node_modules/react-native-vector-icons/Fonts/Zocial.ttf"; sourceTree = "<group>"; };
		6B2A5D6A2355CDDD0052E154 /* MaterialCommunityIcons.ttf */ = {isa = PBXFileReference; lastKnownFileType = file; name = MaterialCommunityIcons.ttf; path = "../node_modules/react-native-vector-icons/Fonts/MaterialCommunityIcons.ttf"; sourceTree = "<group>"; };
		6B2A5D6B2355CDDD0052E154 /* MaterialIcons.ttf */ = {isa = PBXFileReference; lastKnownFileType = file; name = MaterialIcons.ttf; path = "../node_modules/react-native-vector-icons/Fonts/MaterialIcons.ttf"; sourceTree = "<group>"; };
		6B2A5D6C2355CDDD0052E154 /* Feather.ttf */ = {isa = PBXFileReference; lastKnownFileType = file; name = Feather.ttf; path = "../node_modules/react-native-vector-icons/Fonts/Feather.ttf"; sourceTree = "<group>"; };
		6B2A5D6D2355CDDD0052E154 /* EvilIcons.ttf */ = {isa = PBXFileReference; lastKnownFileType = file; name = EvilIcons.ttf; path = "../node_modules/react-native-vector-icons/Fonts/EvilIcons.ttf"; sourceTree = "<group>"; };
		6B2A5D6E2355CDDD0052E154 /* AntDesign.ttf */ = {isa = PBXFileReference; lastKnownFileType = file; name = AntDesign.ttf; path = "../node_modules/react-native-vector-icons/Fonts/AntDesign.ttf"; sourceTree = "<group>"; };
		6B2A5D6F2355CDDD0052E154 /* FontAwesome5_Brands.ttf */ = {isa = PBXFileReference; lastKnownFileType = file; name = FontAwesome5_Brands.ttf; path = "../node_modules/react-native-vector-icons/Fonts/FontAwesome5_Brands.ttf"; sourceTree = "<group>"; };
		6B2A5D702355CDDE0052E154 /* Foundation.ttf */ = {isa = PBXFileReference; lastKnownFileType = file; name = Foundation.ttf; path = "../node_modules/react-native-vector-icons/Fonts/Foundation.ttf"; sourceTree = "<group>"; };
		6B2A5D712355CDDE0052E154 /* FontAwesome5_Regular.ttf */ = {isa = PBXFileReference; lastKnownFileType = file; name = FontAwesome5_Regular.ttf; path = "../node_modules/react-native-vector-icons/Fonts/FontAwesome5_Regular.ttf"; sourceTree = "<group>"; };
		6B2A5D722355CDDE0052E154 /* Fontisto.ttf */ = {isa = PBXFileReference; lastKnownFileType = file; name = Fontisto.ttf; path = "../node_modules/react-native-vector-icons/Fonts/Fontisto.ttf"; sourceTree = "<group>"; };
		6B2A5D732355CDDE0052E154 /* FontAwesome.ttf */ = {isa = PBXFileReference; lastKnownFileType = file; name = FontAwesome.ttf; path = "../node_modules/react-native-vector-icons/Fonts/FontAwesome.ttf"; sourceTree = "<group>"; };
		6B2A5D742355CDDE0052E154 /* FontAwesome5_Solid.ttf */ = {isa = PBXFileReference; lastKnownFileType = file; name = FontAwesome5_Solid.ttf; path = "../node_modules/react-native-vector-icons/Fonts/FontAwesome5_Solid.ttf"; sourceTree = "<group>"; };
		6B2A5D752355CDDE0052E154 /* Entypo.ttf */ = {isa = PBXFileReference; lastKnownFileType = file; name = Entypo.ttf; path = "../node_modules/react-native-vector-icons/Fonts/Entypo.ttf"; sourceTree = "<group>"; };
		6B2A5D762355CDDE0052E154 /* Octicons.ttf */ = {isa = PBXFileReference; lastKnownFileType = file; name = Octicons.ttf; path = "../node_modules/react-native-vector-icons/Fonts/Octicons.ttf"; sourceTree = "<group>"; };
		6B2A5D772355CDDE0052E154 /* Ionicons.ttf */ = {isa = PBXFileReference; lastKnownFileType = file; name = Ionicons.ttf; path = "../node_modules/react-native-vector-icons/Fonts/Ionicons.ttf"; sourceTree = "<group>"; };
		6B2A5D782355CDDE0052E154 /* SimpleLineIcons.ttf */ = {isa = PBXFileReference; lastKnownFileType = file; name = SimpleLineIcons.ttf; path = "../node_modules/react-native-vector-icons/Fonts/SimpleLineIcons.ttf"; sourceTree = "<group>"; };
		7513936D478D492197BE5529 /* Roboto-Thin.ttf */ = {isa = PBXFileReference; explicitFileType = undefined; fileEncoding = 9; includeInIndex = 0; lastKnownFileType = unknown; name = "Roboto-Thin.ttf"; path = "../assets/fonts/Roboto/Roboto-Thin.ttf"; sourceTree = "<group>"; };
		75812EF58C4D4BCAB0FF4872 /* libsqlite3.0.tbd */ = {isa = PBXFileReference; explicitFileType = undefined; fileEncoding = 9; includeInIndex = 0; lastKnownFileType = "sourcecode.text-based-dylib-definition"; name = libsqlite3.0.tbd; path = usr/lib/libsqlite3.0.tbd; sourceTree = SDKROOT; };
		7697C3983D264D1F814461AA /* libRCTContacts.a */ = {isa = PBXFileReference; explicitFileType = undefined; fileEncoding = 9; includeInIndex = 0; lastKnownFileType = archive.ar; path = libRCTContacts.a; sourceTree = "<group>"; };
		80C5B86AE803BDF0C9CD6974 /* Pods-frontm_mobile.debugdevelop.xcconfig */ = {isa = PBXFileReference; includeInIndex = 1; lastKnownFileType = text.xcconfig; name = "Pods-frontm_mobile.debugdevelop.xcconfig"; path = "Target Support Files/Pods-frontm_mobile/Pods-frontm_mobile.debugdevelop.xcconfig"; sourceTree = "<group>"; };
		94E823C8560D4D12994D59C2 /* Roboto-BoldItalic.ttf */ = {isa = PBXFileReference; explicitFileType = undefined; fileEncoding = 9; includeInIndex = 0; lastKnownFileType = unknown; name = "Roboto-BoldItalic.ttf"; path = "../assets/fonts/Roboto/Roboto-BoldItalic.ttf"; sourceTree = "<group>"; };
		A7982D89132F446980344C24 /* SystemConfiguration.framework */ = {isa = PBXFileReference; explicitFileType = undefined; fileEncoding = 9; includeInIndex = 0; lastKnownFileType = wrapper.framework; name = SystemConfiguration.framework; path = System/Library/Frameworks/SystemConfiguration.framework; sourceTree = SDKROOT; };
		A9330A8221C64F3DB76017CE /* Roboto-Black.ttf */ = {isa = PBXFileReference; explicitFileType = undefined; fileEncoding = 9; includeInIndex = 0; lastKnownFileType = unknown; name = "Roboto-Black.ttf"; path = "../assets/fonts/Roboto/Roboto-Black.ttf"; sourceTree = "<group>"; };
		AE77840702AB4684BBD7AA82 /* libRNBackgroundTimer.a */ = {isa = PBXFileReference; explicitFileType = undefined; fileEncoding = 9; includeInIndex = 0; lastKnownFileType = archive.ar; path = libRNBackgroundTimer.a; sourceTree = "<group>"; };
		AF211C1B79C4421DA60C8697 /* libz.tbd */ = {isa = PBXFileReference; explicitFileType = undefined; fileEncoding = 9; includeInIndex = 0; lastKnownFileType = "sourcecode.text-based-dylib-definition"; name = libz.tbd; path = usr/lib/libz.tbd; sourceTree = SDKROOT; };
		AF4196B376234F78A314980A /* libRCTCamera.a */ = {isa = PBXFileReference; explicitFileType = undefined; fileEncoding = 9; includeInIndex = 0; lastKnownFileType = archive.ar; path = libRCTCamera.a; sourceTree = "<group>"; };
		B8B21CA0355F48AD875194AF /* libRNAudio.a */ = {isa = PBXFileReference; explicitFileType = undefined; fileEncoding = 9; includeInIndex = 0; lastKnownFileType = archive.ar; path = libRNAudio.a; sourceTree = "<group>"; };
		BAA86D0025DFCB8200D49183 /* incallmanager_ringback.mp3 */ = {isa = PBXFileReference; lastKnownFileType = audio.mp3; path = incallmanager_ringback.mp3; sourceTree = "<group>"; };
		BABDF2E82738F5C500428881 /* IAP_Configuration.storekit */ = {isa = PBXFileReference; lastKnownFileType = text; path = IAP_Configuration.storekit; sourceTree = "<group>"; };
		BBE1EF23C128AC467A973A37 /* Pods-frontm_mobile.releasedevelop.xcconfig */ = {isa = PBXFileReference; includeInIndex = 1; lastKnownFileType = text.xcconfig; name = "Pods-frontm_mobile.releasedevelop.xcconfig"; path = "Target Support Files/Pods-frontm_mobile/Pods-frontm_mobile.releasedevelop.xcconfig"; sourceTree = "<group>"; };
		BC14FC24D5EA47619B56D82E /* libSQLite.a */ = {isa = PBXFileReference; explicitFileType = undefined; fileEncoding = 9; includeInIndex = 0; lastKnownFileType = archive.ar; path = libSQLite.a; sourceTree = "<group>"; };
		C1082CBFB068E82C283DE1EB /* Pods-frontm_mobile.release.xcconfig */ = {isa = PBXFileReference; includeInIndex = 1; lastKnownFileType = text.xcconfig; name = "Pods-frontm_mobile.release.xcconfig"; path = "Target Support Files/Pods-frontm_mobile/Pods-frontm_mobile.release.xcconfig"; sourceTree = "<group>"; };
		C5B53366C23949A3920442FE /* Roboto-Light.ttf */ = {isa = PBXFileReference; explicitFileType = undefined; fileEncoding = 9; includeInIndex = 0; lastKnownFileType = unknown; name = "Roboto-Light.ttf"; path = "../assets/fonts/Roboto/Roboto-Light.ttf"; sourceTree = "<group>"; };
		CB199F28C20C48F482B9FACD /* libRNImagePicker.a */ = {isa = PBXFileReference; explicitFileType = undefined; fileEncoding = 9; includeInIndex = 0; lastKnownFileType = archive.ar; path = libRNImagePicker.a; sourceTree = "<group>"; };
		CB2AA5CE80CE4827B89B873A /* TSBackgroundFetch.framework */ = {isa = PBXFileReference; explicitFileType = undefined; fileEncoding = 9; includeInIndex = 0; lastKnownFileType = wrapper.framework; name = TSBackgroundFetch.framework; path = "../node_modules/react-native-background-fetch/ios/RNBackgroundFetch/TSBackgroundFetch.framework"; sourceTree = SDKROOT; };
		CF34B1ED75FC4F7291706EFD /* Roboto-BlackItalic.ttf */ = {isa = PBXFileReference; explicitFileType = undefined; fileEncoding = 9; includeInIndex = 0; lastKnownFileType = unknown; name = "Roboto-BlackItalic.ttf"; path = "../assets/fonts/Roboto/Roboto-BlackItalic.ttf"; sourceTree = "<group>"; };
		D41C5325837949578794C74C /* Roboto-Medium.ttf */ = {isa = PBXFileReference; explicitFileType = undefined; fileEncoding = 9; includeInIndex = 0; lastKnownFileType = unknown; name = "Roboto-Medium.ttf"; path = "../assets/fonts/Roboto/Roboto-Medium.ttf"; sourceTree = "<group>"; };
		D5239C21E13A4B7DB35116C9 /* Roboto-MediumItalic.ttf */ = {isa = PBXFileReference; explicitFileType = undefined; fileEncoding = 9; includeInIndex = 0; lastKnownFileType = unknown; name = "Roboto-MediumItalic.ttf"; path = "../assets/fonts/Roboto/Roboto-MediumItalic.ttf"; sourceTree = "<group>"; };
		D7EC8AEAA21A47649B6ED17A /* libRCTVideo.a */ = {isa = PBXFileReference; explicitFileType = undefined; fileEncoding = 9; includeInIndex = 0; lastKnownFileType = archive.ar; path = libRCTVideo.a; sourceTree = "<group>"; };
		DEDFE3AADCFB40338C03BF19 /* libRNFS.a */ = {isa = PBXFileReference; explicitFileType = undefined; fileEncoding = 9; includeInIndex = 0; lastKnownFileType = archive.ar; path = libRNFS.a; sourceTree = "<group>"; };
		E59CEA7F27E84B5AA7DAB315 /* Roboto-Bold.ttf */ = {isa = PBXFileReference; explicitFileType = undefined; fileEncoding = 9; includeInIndex = 0; lastKnownFileType = unknown; name = "Roboto-Bold.ttf"; path = "../assets/fonts/Roboto/Roboto-Bold.ttf"; sourceTree = "<group>"; };
		E69575626B1E495F9D155224 /* libRNSpringScrollView.a */ = {isa = PBXFileReference; explicitFileType = undefined; fileEncoding = 9; includeInIndex = 0; lastKnownFileType = archive.ar; path = libRNSpringScrollView.a; sourceTree = "<group>"; };
		E87F5D84A7F74D639D64288B /* libRNSVG-tvOS.a */ = {isa = PBXFileReference; explicitFileType = undefined; fileEncoding = 9; includeInIndex = 0; lastKnownFileType = archive.ar; path = "libRNSVG-tvOS.a"; sourceTree = "<group>"; };
		EACB1DCCE1334AFA8E969BB6 /* Roboto-Regular.ttf */ = {isa = PBXFileReference; explicitFileType = undefined; fileEncoding = 9; includeInIndex = 0; lastKnownFileType = unknown; name = "Roboto-Regular.ttf"; path = "../assets/fonts/Roboto/Roboto-Regular.ttf"; sourceTree = "<group>"; };
		F315D5622541C7A10066C9E5 /* incallmanager_ringback.mp3 */ = {isa = PBXFileReference; lastKnownFileType = audio.mp3; path = incallmanager_ringback.mp3; sourceTree = "<group>"; };
		F3882022248753490019E7F8 /* RCTWebRTC.xcodeproj */ = {isa = PBXFileReference; lastKnownFileType = "wrapper.pb-project"; name = RCTWebRTC.xcodeproj; path = "../node_modules/react-native-webrtc/ios/RCTWebRTC.xcodeproj"; sourceTree = "<group>"; };
		F38820282487535F0019E7F8 /* WebRTC.framework */ = {isa = PBXFileReference; lastKnownFileType = wrapper.framework; name = WebRTC.framework; path = "../node_modules/react-native-webrtc/ios/WebRTC.framework"; sourceTree = "<group>"; };
		F3882034248781520019E7F8 /* RNTwilioVoiceLibrary.xcodeproj */ = {isa = PBXFileReference; lastKnownFileType = "wrapper.pb-project"; name = RNTwilioVoiceLibrary.xcodeproj; path = "../node_modules/react-native-twilio-voice-library_frontm/ios/RNTwilioVoiceLibrary.xcodeproj"; sourceTree = "<group>"; };
		F3A40BE324A4D7A400457F4A /* TwilioVoice.framework */ = {isa = PBXFileReference; lastKnownFileType = wrapper.framework; name = TwilioVoice.framework; path = Pods/TwilioVoice/Build/iOS/TwilioVoice.framework; sourceTree = "<group>"; };
		F3A436612486644F00D08BD3 /* ChannelsServiceClient.m */ = {isa = PBXFileReference; fileEncoding = 4; lastKnownFileType = sourcecode.c.objc; path = ChannelsServiceClient.m; sourceTree = "<group>"; };
		F3A436622486644F00D08BD3 /* PingServiceClient.m */ = {isa = PBXFileReference; fileEncoding = 4; lastKnownFileType = sourcecode.c.objc; path = PingServiceClient.m; sourceTree = "<group>"; };
		F3A436652486644F00D08BD3 /* AgentGuardServiceClient.m */ = {isa = PBXFileReference; fileEncoding = 4; lastKnownFileType = sourcecode.c.objc; path = AgentGuardServiceClient.m; sourceTree = "<group>"; };
		F3A436682486644F00D08BD3 /* CompanyServiceClient.m */ = {isa = PBXFileReference; fileEncoding = 4; lastKnownFileType = sourcecode.c.objc; path = CompanyServiceClient.m; sourceTree = "<group>"; };
		F3A4366A2486645000D08BD3 /* ContactsServiceClient.m */ = {isa = PBXFileReference; fileEncoding = 4; lastKnownFileType = sourcecode.c.objc; path = ContactsServiceClient.m; sourceTree = "<group>"; };
		F3A4366B2486645000D08BD3 /* ConversationServiceClient.m */ = {isa = PBXFileReference; fileEncoding = 4; lastKnownFileType = sourcecode.c.objc; path = ConversationServiceClient.m; sourceTree = "<group>"; };
		F3A4366E2486645000D08BD3 /* UserServiceClient.m */ = {isa = PBXFileReference; fileEncoding = 4; lastKnownFileType = sourcecode.c.objc; path = UserServiceClient.m; sourceTree = "<group>"; };
		F3A436702486645000D08BD3 /* QueueServiceClient.m */ = {isa = PBXFileReference; fileEncoding = 4; lastKnownFileType = sourcecode.c.objc; path = QueueServiceClient.m; sourceTree = "<group>"; };
		F3B9C346248689950099A811 /* File.swift */ = {isa = PBXFileReference; lastKnownFileType = sourcecode.swift; path = File.swift; sourceTree = "<group>"; };
		F4C2996B0F3F44C2A5F93E73 /* libRCTActionSheet.a */ = {isa = PBXFileReference; explicitFileType = undefined; fileEncoding = 9; includeInIndex = 0; lastKnownFileType = archive.ar; path = libRCTActionSheet.a; sourceTree = "<group>"; };
		F60ACBCC09164446B456B2B5 /* Roboto-Italic.ttf */ = {isa = PBXFileReference; explicitFileType = undefined; fileEncoding = 9; includeInIndex = 0; lastKnownFileType = unknown; name = "Roboto-Italic.ttf"; path = "../assets/fonts/Roboto/Roboto-Italic.ttf"; sourceTree = "<group>"; };
		FE75215682854A6787976CA1 /* libRNVectorIcons.a */ = {isa = PBXFileReference; explicitFileType = undefined; fileEncoding = 9; includeInIndex = 0; lastKnownFileType = archive.ar; path = libRNVectorIcons.a; sourceTree = "<group>"; };
		FFF7F68775CB48BBAE78A4FC /* Roboto-LightItalic.ttf */ = {isa = PBXFileReference; explicitFileType = undefined; fileEncoding = 9; includeInIndex = 0; lastKnownFileType = unknown; name = "Roboto-LightItalic.ttf"; path = "../assets/fonts/Roboto/Roboto-LightItalic.ttf"; sourceTree = "<group>"; };
/* End PBXFileReference section */

/* Begin PBXFrameworksBuildPhase section */
		13B07F8C1A680F5B00A75B9A /* Frameworks */ = {
			isa = PBXFrameworksBuildPhase;
			buildActionMask = 2147483647;
			files = (
				F38820292487535F0019E7F8 /* WebRTC.framework in Frameworks */,
				2D0BBCA1DA6F436D86AB0045 /* libz.tbd in Frameworks */,
				213A9F9C22D8E19A00515509 /* libsqlite3.tbd in Frameworks */,
				0449761322B8C558003DFC41 /* JavaScriptCore.framework in Frameworks */,
				0453E623212045DA0078059D /* CallKit.framework in Frameworks */,
				8C52E5FF704F4F9F861A5DC6 /* SystemConfiguration.framework in Frameworks */,
				89F3DC9224B142B4BACC9086 /* libRNFS.a in Frameworks */,
				9171D3BD719440D79ADFF370 /* libRNSound.a in Frameworks */,
				57646875A760463D946A811E /* libsqlite3.0.tbd in Frameworks */,
				89DC4A73DF3D45179075391C /* libRNVectorIcons.a in Frameworks */,
				9E1E2C7E649E4F9CA56AE820 /* libRNSVG.a in Frameworks */,
				319EFC1442A8414BA51CA7B7 /* SafariServices.framework in Frameworks */,
				DCC6B1A3AB014119B60F543F /* AddressBook.framework in Frameworks */,
				21D37EDE216CB089009C8922 /* StoreKit.framework in Frameworks */,
				EFBF447624BDB4A3520139B7 /* libPods-frontm_mobile.a in Frameworks */,
			);
			runOnlyForDeploymentPostprocessing = 0;
		};
/* End PBXFrameworksBuildPhase section */

/* Begin PBXGroup section */
		00E356EF1AD99517003FC87E /* frontm_mobileTests */ = {
			isa = PBXGroup;
			children = (
				00E356F21AD99517003FC87E /* frontm_mobileTests.m */,
				00E356F01AD99517003FC87E /* Supporting Files */,
			);
			path = frontm_mobileTests;
			sourceTree = "<group>";
		};
		00E356F01AD99517003FC87E /* Supporting Files */ = {
			isa = PBXGroup;
			children = (
				00E356F11AD99517003FC87E /* Info.plist */,
			);
			name = "Supporting Files";
			sourceTree = "<group>";
		};
		040C5A321FFCF9A40071B62D /* Products */ = {
			isa = PBXGroup;
			children = (
				B8B21CA0355F48AD875194AF /* libRNAudio.a */,
				AE77840702AB4684BBD7AA82 /* libRNBackgroundTimer.a */,
				AF4196B376234F78A314980A /* libRCTCamera.a */,
				7697C3983D264D1F814461AA /* libRCTContacts.a */,
				556C25EA73DE44548EE2DB82 /* libRNFetchBlob.a */,
				DEDFE3AADCFB40338C03BF19 /* libRNFS.a */,
				527FA991FBE9494095F65A4B /* libRNI18n.a */,
				CB199F28C20C48F482B9FACD /* libRNImagePicker.a */,
				256F5B9952B44327858F89C0 /* libRNKeychain.a */,
				619956975FE040FE82D453AE /* libAirMaps.a */,
				4ADB3CA7D1A6496C8CECFD75 /* libRNSound.a */,
				BC14FC24D5EA47619B56D82E /* libSQLite.a */,
				FE75215682854A6787976CA1 /* libRNVectorIcons.a */,
				D7EC8AEAA21A47649B6ED17A /* libRCTVideo.a */,
				429900950192486080C1A87E /* libRNSVG.a */,
				E87F5D84A7F74D639D64288B /* libRNSVG-tvOS.a */,
				1893FFDAF4A7436F8CD31788 /* libTcpSockets.a */,
				F4C2996B0F3F44C2A5F93E73 /* libRCTActionSheet.a */,
			);
			name = Products;
			sourceTree = "<group>";
		};
		13B07FAE1A68108700A75B9A /* frontm_mobile */ = {
			isa = PBXGroup;
			children = (
				0409306B2876EB2D00B3A76D /* AppDelegate.mm */,
				BAA86D0025DFCB8200D49183 /* incallmanager_ringback.mp3 */,
				0486BECF2008CC5F00DF553B /* bot_dependencies */,
				0486BED02008CC5F00DF553B /* bots */,
				045F0B751FFFE137005C0ACE /* frontm_mobile.entitlements */,
				13B07FAF1A68108700A75B9A /* AppDelegate.h */,
				F3B9C346248689950099A811 /* File.swift */,
				13B07FB51A68108700A75B9A /* Images.xcassets */,
				04CAED6D224E3E2100DD0CE0 /* Info-prod.plist */,
				13B07FB11A68108700A75B9A /* LaunchScreen.xib */,
				13B07FB71A68108700A75B9A /* main.m */,
			);
			name = frontm_mobile;
			sourceTree = "<group>";
		};
		21B3A81B22B2392200B40F4F /* Recovered References */ = {
			isa = PBXGroup;
			children = (
				E69575626B1E495F9D155224 /* libRNSpringScrollView.a */,
				F3A436652486644F00D08BD3 /* AgentGuardServiceClient.m */,
				F3A4366A2486645000D08BD3 /* ContactsServiceClient.m */,
				F3A436612486644F00D08BD3 /* ChannelsServiceClient.m */,
				F3A4366E2486645000D08BD3 /* UserServiceClient.m */,
				F3A436682486644F00D08BD3 /* CompanyServiceClient.m */,
				F3A4366B2486645000D08BD3 /* ConversationServiceClient.m */,
				F3A436702486645000D08BD3 /* QueueServiceClient.m */,
				F3A436622486644F00D08BD3 /* PingServiceClient.m */,
			);
			name = "Recovered References";
			sourceTree = "<group>";
		};
		451CD155F032BD3CA644A9D8 /* Pods */ = {
			isa = PBXGroup;
			children = (
				044BAB1C32841A25AE2C8BE8 /* Pods-frontm_mobile.debug.xcconfig */,
				80C5B86AE803BDF0C9CD6974 /* Pods-frontm_mobile.debugdevelop.xcconfig */,
				C1082CBFB068E82C283DE1EB /* Pods-frontm_mobile.release.xcconfig */,
				BBE1EF23C128AC467A973A37 /* Pods-frontm_mobile.releasedevelop.xcconfig */,
			);
			path = Pods;
			sourceTree = "<group>";
		};
		832341AE1AAA6A7D00B99B32 /* Libraries */ = {
			isa = PBXGroup;
			children = (
				F3882034248781520019E7F8 /* RNTwilioVoiceLibrary.xcodeproj */,
				F3882022248753490019E7F8 /* RCTWebRTC.xcodeproj */,
			);
			name = Libraries;
			sourceTree = "<group>";
		};
		83CBB9F61A601CBA00E9B192 = {
			isa = PBXGroup;
			children = (
				F315D5622541C7A10066C9E5 /* incallmanager_ringback.mp3 */,
				BABDF2E82738F5C500428881 /* IAP_Configuration.storekit */,
				045F0B741FFFE128005C0ACE /* frontm_mobile_prod.entitlements */,
				13B07FAE1A68108700A75B9A /* frontm_mobile */,
				832341AE1AAA6A7D00B99B32 /* Libraries */,
				00E356EF1AD99517003FC87E /* frontm_mobileTests */,
				83CBBA001A601CBA00E9B192 /* Products */,
				C012FAE9CECA450BAC1F14F2 /* Frameworks */,
				AA842CAA401B478A8BAAE3FF /* Resources */,
				040C5A321FFCF9A40071B62D /* Products */,
				0485F18920769A8500D5525E /* frontm_mobile-Bridging-Header.h */,
				04CAEF3A224E4D5900DD0CE0 /* frontm_mobile copy-Info.plist */,
				04CAF005224E4DF800DD0CE0 /* frontm_mobile copy2-Info.plist */,
				21B3A81B22B2392200B40F4F /* Recovered References */,
				451CD155F032BD3CA644A9D8 /* Pods */,
			);
			indentWidth = 2;
			sourceTree = "<group>";
			tabWidth = 2;
			usesTabs = 0;
		};
		83CBBA001A601CBA00E9B192 /* Products */ = {
			isa = PBXGroup;
			children = (
				13B07F961A680F5B00A75B9A /* onship.app */,
			);
			name = Products;
			sourceTree = "<group>";
		};
		AA842CAA401B478A8BAAE3FF /* Resources */ = {
			isa = PBXGroup;
			children = (
				6B2A5D6E2355CDDD0052E154 /* AntDesign.ttf */,
				6B2A5D752355CDDE0052E154 /* Entypo.ttf */,
				6B2A5D6D2355CDDD0052E154 /* EvilIcons.ttf */,
				6B2A5D6C2355CDDD0052E154 /* Feather.ttf */,
				6B2A5D732355CDDE0052E154 /* FontAwesome.ttf */,
				6B2A5D6F2355CDDD0052E154 /* FontAwesome5_Brands.ttf */,
				6B2A5D712355CDDE0052E154 /* FontAwesome5_Regular.ttf */,
				6B2A5D742355CDDE0052E154 /* FontAwesome5_Solid.ttf */,
				6B2A5D722355CDDE0052E154 /* Fontisto.ttf */,
				6B2A5D702355CDDE0052E154 /* Foundation.ttf */,
				6B2A5D772355CDDE0052E154 /* Ionicons.ttf */,
				6B2A5D6A2355CDDD0052E154 /* MaterialCommunityIcons.ttf */,
				6B2A5D6B2355CDDD0052E154 /* MaterialIcons.ttf */,
				6B2A5D762355CDDE0052E154 /* Octicons.ttf */,
				6B2A5D782355CDDE0052E154 /* SimpleLineIcons.ttf */,
				6B2A5D692355CDDD0052E154 /* Zocial.ttf */,
				A9330A8221C64F3DB76017CE /* Roboto-Black.ttf */,
				CF34B1ED75FC4F7291706EFD /* Roboto-BlackItalic.ttf */,
				E59CEA7F27E84B5AA7DAB315 /* Roboto-Bold.ttf */,
				94E823C8560D4D12994D59C2 /* Roboto-BoldItalic.ttf */,
				F60ACBCC09164446B456B2B5 /* Roboto-Italic.ttf */,
				C5B53366C23949A3920442FE /* Roboto-Light.ttf */,
				49BF6C402AA9F8580082633B /* Figtree-Italic.ttf */,
				49BF6C412AA9F8580082633B /* Figtree.ttf */,
				FFF7F68775CB48BBAE78A4FC /* Roboto-LightItalic.ttf */,
				D41C5325837949578794C74C /* Roboto-Medium.ttf */,
				D5239C21E13A4B7DB35116C9 /* Roboto-MediumItalic.ttf */,
				EACB1DCCE1334AFA8E969BB6 /* Roboto-Regular.ttf */,
				7513936D478D492197BE5529 /* Roboto-Thin.ttf */,
				3C941F20D78F444194CAAEB0 /* Roboto-ThinItalic.ttf */,
			);
			name = Resources;
			sourceTree = "<group>";
		};
		C012FAE9CECA450BAC1F14F2 /* Frameworks */ = {
			isa = PBXGroup;
			children = (
				F3A40BE324A4D7A400457F4A /* TwilioVoice.framework */,
				F38820282487535F0019E7F8 /* WebRTC.framework */,
				213A9F9F22D8E21700515509 /* TSBackgroundFetch.framework */,
				213A9F9D22D8E1F700515509 /* TSLocationManager.framework */,
				213A9F9B22D8E19A00515509 /* libsqlite3.tbd */,
				044975C522B8C558003DFC41 /* JavaScriptCore.framework */,
				21D37EDD216CB089009C8922 /* StoreKit.framework */,
				0453E5DB212045DA0078059D /* CallKit.framework */,
				040C5BD91FFDF22F0071B62D /* GoogleSignIn.bundle */,
				040C5BDA1FFDF2300071B62D /* GoogleSignIn.framework */,
				040C5BD81FFDF22F0071B62D /* GoogleSignInDependencies.framework */,
				75812EF58C4D4BCAB0FF4872 /* libsqlite3.0.tbd */,
				AF211C1B79C4421DA60C8697 /* libz.tbd */,
				006D5BD8DC874603BB4800FB /* SafariServices.framework */,
				A7982D89132F446980344C24 /* SystemConfiguration.framework */,
				6455D14207044E8F88F76EC3 /* AddressBook.framework */,
				CB2AA5CE80CE4827B89B873A /* TSBackgroundFetch.framework */,
				2971A25E697AFA5708EE84A0 /* libPods-frontm_mobile.a */,
			);
			name = Frameworks;
			sourceTree = "<group>";
		};
		F3882023248753490019E7F8 /* Products */ = {
			isa = PBXGroup;
			children = (
				F3882027248753490019E7F8 /* libRCTWebRTC.a */,
			);
			name = Products;
			sourceTree = "<group>";
		};
		F3882035248781520019E7F8 /* Products */ = {
			isa = PBXGroup;
			children = (
				F388203A248781520019E7F8 /* libRNTwilioVoiceLibrary.a */,
			);
			name = Products;
			sourceTree = "<group>";
		};
/* End PBXGroup section */

/* Begin PBXNativeTarget section */
		13B07F861A680F5B00A75B9A /* frontm_mobile */ = {
			isa = PBXNativeTarget;
			buildConfigurationList = 13B07F931A680F5B00A75B9A /* Build configuration list for PBXNativeTarget "frontm_mobile" */;
			buildPhases = (
				19BAAD35328BC4F67D701138 /* [CP] Check Pods Manifest.lock */,
				F3CE654624A1DED200413619 /* Start Packager */,
				13B07F871A680F5B00A75B9A /* Sources */,
				13B07F8C1A680F5B00A75B9A /* Frameworks */,
				13B07F8E1A680F5B00A75B9A /* Resources */,
				00DD1BFF1BD5951E006B06BC /* Bundle React Native code and images */,
				7AEDCFF26827454061D728C8 /* [CP] Embed Pods Frameworks */,
				87213B6ABFF537BA13640DC1 /* [CP] Copy Pods Resources */,
			);
			buildRules = (
			);
			dependencies = (
			);
			name = frontm_mobile;
			productName = "Hello World";
			productReference = 13B07F961A680F5B00A75B9A /* onship.app */;
			productType = "com.apple.product-type.application";
		};
/* End PBXNativeTarget section */

/* Begin PBXProject section */
		83CBB9F71A601CBA00E9B192 /* Project object */ = {
			isa = PBXProject;
			attributes = {
				LastUpgradeCheck = 1130;
				ORGANIZATIONNAME = FrontM;
				TargetAttributes = {
					13B07F861A680F5B00A75B9A = {
						DevelopmentTeam = 6EZTYQSN4H;
						LastSwiftMigration = "";
						ProvisioningStyle = Manual;
						SystemCapabilities = {
							com.apple.BackgroundModes = {
								enabled = true;
							};
							com.apple.InAppPurchase = {
								enabled = 1;
							};
							com.apple.Keychain = {
								enabled = 1;
							};
							com.apple.Push = {
								enabled = 1;
							};
							com.apple.iCloud = {
								enabled = 1;
							};
						};
					};
				};
			};
			buildConfigurationList = 83CBB9FA1A601CBA00E9B192 /* Build configuration list for PBXProject "frontm_mobile" */;
			compatibilityVersion = "Xcode 3.2";
			developmentRegion = English;
			hasScannedForEncodings = 0;
			knownRegions = (
				English,
				en,
				Base,
			);
			mainGroup = 83CBB9F61A601CBA00E9B192;
			productRefGroup = 83CBBA001A601CBA00E9B192 /* Products */;
			projectDirPath = "";
			projectReferences = (
				{
					ProductGroup = F3882023248753490019E7F8 /* Products */;
					ProjectRef = F3882022248753490019E7F8 /* RCTWebRTC.xcodeproj */;
				},
				{
					ProductGroup = F3882035248781520019E7F8 /* Products */;
					ProjectRef = F3882034248781520019E7F8 /* RNTwilioVoiceLibrary.xcodeproj */;
				},
			);
			projectRoot = "";
			targets = (
				13B07F861A680F5B00A75B9A /* frontm_mobile */,
			);
		};
/* End PBXProject section */

/* Begin PBXReferenceProxy section */
		F3882027248753490019E7F8 /* libRCTWebRTC.a */ = {
			isa = PBXReferenceProxy;
			fileType = archive.ar;
			path = libRCTWebRTC.a;
			remoteRef = F3882026248753490019E7F8 /* PBXContainerItemProxy */;
			sourceTree = BUILT_PRODUCTS_DIR;
		};
		F388203A248781520019E7F8 /* libRNTwilioVoiceLibrary.a */ = {
			isa = PBXReferenceProxy;
			fileType = archive.ar;
			path = libRNTwilioVoiceLibrary.a;
			remoteRef = F3882039248781520019E7F8 /* PBXContainerItemProxy */;
			sourceTree = BUILT_PRODUCTS_DIR;
		};
/* End PBXReferenceProxy section */

/* Begin PBXResourcesBuildPhase section */
		13B07F8E1A680F5B00A75B9A /* Resources */ = {
			isa = PBXResourcesBuildPhase;
			buildActionMask = 2147483647;
			files = (
				13B07FBF1A68108700A75B9A /* Images.xcassets in Resources */,
				0486BED12008CC5F00DF553B /* bot_dependencies in Resources */,
				13B07FBD1A68108700A75B9A /* LaunchScreen.xib in Resources */,
				0486BED22008CC5F00DF553B /* bots in Resources */,
				F315D5632541C7A20066C9E5 /* incallmanager_ringback.mp3 in Resources */,
				D47F6DEF4554471B9F13E7CF /* Roboto-Black.ttf in Resources */,
				EF9CC6FD88C841CABDAE29B5 /* Roboto-BlackItalic.ttf in Resources */,
				EB92FABA64F3449CBCF981AA /* Roboto-Bold.ttf in Resources */,
				64A91D96634C4E60BA7E5FA0 /* Roboto-BoldItalic.ttf in Resources */,
				D57E13B72925448D911FACCA /* Roboto-Italic.ttf in Resources */,
				0737ECB9C5F7495890738515 /* Roboto-Light.ttf in Resources */,
				9D8E5A0F54FA42D29615B6AC /* Roboto-LightItalic.ttf in Resources */,
				878E2E8B34E94E2B882F4609 /* Roboto-Medium.ttf in Resources */,
				E681EF2FFC2A48089E643DC1 /* Roboto-MediumItalic.ttf in Resources */,
				2A9D9D7D71D04C8FB786668C /* Roboto-Regular.ttf in Resources */,
				A01C18A8BD6643498355AB32 /* Roboto-Thin.ttf in Resources */,
				BABDF2E92738F5C500428881 /* IAP_Configuration.storekit in Resources */,
				49BF6C432AA9F8580082633B /* Figtree.ttf in Resources */,
				49BF6C422AA9F8580082633B /* Figtree-Italic.ttf in Resources */,
				529442DF25174832A48A76D8 /* Roboto-ThinItalic.ttf in Resources */,
			);
			runOnlyForDeploymentPostprocessing = 0;
		};
/* End PBXResourcesBuildPhase section */

/* Begin PBXShellScriptBuildPhase section */
		00DD1BFF1BD5951E006B06BC /* Bundle React Native code and images */ = {
			isa = PBXShellScriptBuildPhase;
			buildActionMask = 2147483647;
			files = (
			);
			inputPaths = (
				"$(SRCROOT)/.xcode.env.local",
				"$(SRCROOT)/.xcode.env",
			);
			name = "Bundle React Native code and images";
			outputPaths = (
			);
			runOnlyForDeploymentPostprocessing = 0;
			shellPath = /bin/sh;
			shellScript = "export DEVELOPMENT_BUILD_CONFIGURATIONS=\"+(DebugDevelop|Debug)\"\nexport NODE_BINARY=node\n../node_modules/react-native-schemes-manager/lib/react-native-xcode.sh";
		};
		19BAAD35328BC4F67D701138 /* [CP] Check Pods Manifest.lock */ = {
			isa = PBXShellScriptBuildPhase;
			buildActionMask = 2147483647;
			files = (
			);
			inputFileListPaths = (
			);
			inputPaths = (
				"${PODS_PODFILE_DIR_PATH}/Podfile.lock",
				"${PODS_ROOT}/Manifest.lock",
			);
			name = "[CP] Check Pods Manifest.lock";
			outputFileListPaths = (
			);
			outputPaths = (
				"$(DERIVED_FILE_DIR)/Pods-frontm_mobile-checkManifestLockResult.txt",
			);
			runOnlyForDeploymentPostprocessing = 0;
			shellPath = /bin/sh;
			shellScript = "diff \"${PODS_PODFILE_DIR_PATH}/Podfile.lock\" \"${PODS_ROOT}/Manifest.lock\" > /dev/null\nif [ $? != 0 ] ; then\n    # print error to STDERR\n    echo \"error: The sandbox is not in sync with the Podfile.lock. Run 'pod install' or update your CocoaPods installation.\" >&2\n    exit 1\nfi\n# This output is used by Xcode 'outputs' to avoid re-running this script phase.\necho \"SUCCESS\" > \"${SCRIPT_OUTPUT_FILE_0}\"\n";
			showEnvVarsInLog = 0;
		};
		7AEDCFF26827454061D728C8 /* [CP] Embed Pods Frameworks */ = {
			isa = PBXShellScriptBuildPhase;
			buildActionMask = 2147483647;
			files = (
			);
			inputPaths = (
				"${PODS_ROOT}/Target Support Files/Pods-frontm_mobile/Pods-frontm_mobile-frameworks.sh",
				"${BUILT_PRODUCTS_DIR}/MapboxMaps/MapboxMaps.framework",
				"${BUILT_PRODUCTS_DIR}/Turf/Turf.framework",
				"${PODS_XCFRAMEWORKS_BUILD_DIR}/JitsiMeetFrontmSDK/JitsiMeetSDK.framework/JitsiMeetSDK",
				"${PODS_XCFRAMEWORKS_BUILD_DIR}/MapboxCommon/MapboxCommon.framework/MapboxCommon",
				"${PODS_XCFRAMEWORKS_BUILD_DIR}/MapboxCoreMaps/MapboxCoreMaps.framework/MapboxCoreMaps",
				"${PODS_XCFRAMEWORKS_BUILD_DIR}/MapboxMobileEvents/MapboxMobileEvents.framework/MapboxMobileEvents",
				"${PODS_XCFRAMEWORKS_BUILD_DIR}/react-native-webrtc/WebRTC.framework/WebRTC",
			);
			name = "[CP] Embed Pods Frameworks";
			outputPaths = (
				"${TARGET_BUILD_DIR}/${FRAMEWORKS_FOLDER_PATH}/MapboxMaps.framework",
				"${TARGET_BUILD_DIR}/${FRAMEWORKS_FOLDER_PATH}/Turf.framework",
				"${TARGET_BUILD_DIR}/${FRAMEWORKS_FOLDER_PATH}/JitsiMeetSDK.framework",
				"${TARGET_BUILD_DIR}/${FRAMEWORKS_FOLDER_PATH}/MapboxCommon.framework",
				"${TARGET_BUILD_DIR}/${FRAMEWORKS_FOLDER_PATH}/MapboxCoreMaps.framework",
				"${TARGET_BUILD_DIR}/${FRAMEWORKS_FOLDER_PATH}/MapboxMobileEvents.framework",
				"${TARGET_BUILD_DIR}/${FRAMEWORKS_FOLDER_PATH}/WebRTC.framework",
			);
			runOnlyForDeploymentPostprocessing = 0;
			shellPath = /bin/sh;
			shellScript = "\"${PODS_ROOT}/Target Support Files/Pods-frontm_mobile/Pods-frontm_mobile-frameworks.sh\"\n";
			showEnvVarsInLog = 0;
		};
		87213B6ABFF537BA13640DC1 /* [CP] Copy Pods Resources */ = {
			isa = PBXShellScriptBuildPhase;
			buildActionMask = 2147483647;
			files = (
			);
			inputPaths = (
				"${PODS_ROOT}/Target Support Files/Pods-frontm_mobile/Pods-frontm_mobile-resources.sh",
				"${PODS_CONFIGURATION_BUILD_DIR}/GoogleSignIn/GoogleSignIn.bundle",
				"${PODS_ROOT}/../../node_modules/react-native-vector-icons/Fonts/AntDesign.ttf",
				"${PODS_ROOT}/../../node_modules/react-native-vector-icons/Fonts/Entypo.ttf",
				"${PODS_ROOT}/../../node_modules/react-native-vector-icons/Fonts/EvilIcons.ttf",
				"${PODS_ROOT}/../../node_modules/react-native-vector-icons/Fonts/Feather.ttf",
				"${PODS_ROOT}/../../node_modules/react-native-vector-icons/Fonts/FontAwesome.ttf",
				"${PODS_ROOT}/../../node_modules/react-native-vector-icons/Fonts/FontAwesome5_Brands.ttf",
				"${PODS_ROOT}/../../node_modules/react-native-vector-icons/Fonts/FontAwesome5_Regular.ttf",
				"${PODS_ROOT}/../../node_modules/react-native-vector-icons/Fonts/FontAwesome5_Solid.ttf",
				"${PODS_ROOT}/../../node_modules/react-native-vector-icons/Fonts/Fontisto.ttf",
				"${PODS_ROOT}/../../node_modules/react-native-vector-icons/Fonts/Foundation.ttf",
				"${PODS_ROOT}/../../node_modules/react-native-vector-icons/Fonts/Ionicons.ttf",
				"${PODS_ROOT}/../../node_modules/react-native-vector-icons/Fonts/MaterialCommunityIcons.ttf",
				"${PODS_ROOT}/../../node_modules/react-native-vector-icons/Fonts/MaterialIcons.ttf",
				"${PODS_ROOT}/../../node_modules/react-native-vector-icons/Fonts/Octicons.ttf",
				"${PODS_ROOT}/../../node_modules/react-native-vector-icons/Fonts/SimpleLineIcons.ttf",
				"${PODS_ROOT}/../../node_modules/react-native-vector-icons/Fonts/Zocial.ttf",
				"${PODS_CONFIGURATION_BUILD_DIR}/React-Core/AccessibilityResources.bundle",
			);
			name = "[CP] Copy Pods Resources";
			outputPaths = (
				"${TARGET_BUILD_DIR}/${UNLOCALIZED_RESOURCES_FOLDER_PATH}/GoogleSignIn.bundle",
				"${TARGET_BUILD_DIR}/${UNLOCALIZED_RESOURCES_FOLDER_PATH}/AntDesign.ttf",
				"${TARGET_BUILD_DIR}/${UNLOCALIZED_RESOURCES_FOLDER_PATH}/Entypo.ttf",
				"${TARGET_BUILD_DIR}/${UNLOCALIZED_RESOURCES_FOLDER_PATH}/EvilIcons.ttf",
				"${TARGET_BUILD_DIR}/${UNLOCALIZED_RESOURCES_FOLDER_PATH}/Feather.ttf",
				"${TARGET_BUILD_DIR}/${UNLOCALIZED_RESOURCES_FOLDER_PATH}/FontAwesome.ttf",
				"${TARGET_BUILD_DIR}/${UNLOCALIZED_RESOURCES_FOLDER_PATH}/FontAwesome5_Brands.ttf",
				"${TARGET_BUILD_DIR}/${UNLOCALIZED_RESOURCES_FOLDER_PATH}/FontAwesome5_Regular.ttf",
				"${TARGET_BUILD_DIR}/${UNLOCALIZED_RESOURCES_FOLDER_PATH}/FontAwesome5_Solid.ttf",
				"${TARGET_BUILD_DIR}/${UNLOCALIZED_RESOURCES_FOLDER_PATH}/Fontisto.ttf",
				"${TARGET_BUILD_DIR}/${UNLOCALIZED_RESOURCES_FOLDER_PATH}/Foundation.ttf",
				"${TARGET_BUILD_DIR}/${UNLOCALIZED_RESOURCES_FOLDER_PATH}/Ionicons.ttf",
				"${TARGET_BUILD_DIR}/${UNLOCALIZED_RESOURCES_FOLDER_PATH}/MaterialCommunityIcons.ttf",
				"${TARGET_BUILD_DIR}/${UNLOCALIZED_RESOURCES_FOLDER_PATH}/MaterialIcons.ttf",
				"${TARGET_BUILD_DIR}/${UNLOCALIZED_RESOURCES_FOLDER_PATH}/Octicons.ttf",
				"${TARGET_BUILD_DIR}/${UNLOCALIZED_RESOURCES_FOLDER_PATH}/SimpleLineIcons.ttf",
				"${TARGET_BUILD_DIR}/${UNLOCALIZED_RESOURCES_FOLDER_PATH}/Zocial.ttf",
				"${TARGET_BUILD_DIR}/${UNLOCALIZED_RESOURCES_FOLDER_PATH}/AccessibilityResources.bundle",
			);
			runOnlyForDeploymentPostprocessing = 0;
			shellPath = /bin/sh;
			shellScript = "\"${PODS_ROOT}/Target Support Files/Pods-frontm_mobile/Pods-frontm_mobile-resources.sh\"\n";
			showEnvVarsInLog = 0;
		};
		F3CE654624A1DED200413619 /* Start Packager */ = {
			isa = PBXShellScriptBuildPhase;
			buildActionMask = 2147483647;
			files = (
			);
			inputFileListPaths = (
			);
			inputPaths = (
			);
			name = "Start Packager";
			outputFileListPaths = (
			);
			outputPaths = (
			);
			runOnlyForDeploymentPostprocessing = 0;
			shellPath = /bin/sh;
			shellScript = "# Type a script or drag a script file from your workspace to insert its path.\nexport RCT_METRO_PORT=\"${RCT_METRO_PORT:=8081}\"\necho \"export RCT_METRO_PORT=${RCT_METRO_PORT}\" > \"${SRCROOT}/../node_modules/react-native/scripts/.packager.env\"\nif [ -z \"${RCT_NO_LAUNCH_PACKAGER+xxx}\" ] ; then\n  if nc -w 5 -z localhost ${RCT_METRO_PORT} ; then\n    if ! curl -s \"http://localhost:${RCT_METRO_PORT}/status\" | grep -q \"packager-status:running\" ; then\n      echo \"Port ${RCT_METRO_PORT} already in use, packager is either not running or not running correctly\"\n      exit 2\n    fi\n  else\n    open \"$SRCROOT/../node_modules/react-native/scripts/launchPackager.command\" || echo \"Can't start packager automatically\"\n  fi\nfi\n";
			showEnvVarsInLog = 0;
		};
/* End PBXShellScriptBuildPhase section */

/* Begin PBXSourcesBuildPhase section */
		13B07F871A680F5B00A75B9A /* Sources */ = {
			isa = PBXSourcesBuildPhase;
			buildActionMask = 2147483647;
			files = (
				13B07FC11A68108700A75B9A /* main.m in Sources */,
				0409306C2876EB2D00B3A76D /* AppDelegate.mm in Sources */,
				F3B9C347248689950099A811 /* File.swift in Sources */,
			);
			runOnlyForDeploymentPostprocessing = 0;
		};
/* End PBXSourcesBuildPhase section */

/* Begin PBXVariantGroup section */
		13B07FB11A68108700A75B9A /* LaunchScreen.xib */ = {
			isa = PBXVariantGroup;
			children = (
				13B07FB21A68108700A75B9A /* Base */,
			);
			name = LaunchScreen.xib;
			path = frontm_mobile;
			sourceTree = "<group>";
		};
/* End PBXVariantGroup section */

/* Begin XCBuildConfiguration section */
		04040655224F5C0200D9E237 /* DebugDevelop */ = {
			isa = XCBuildConfiguration;
			buildSettings = {
				ALWAYS_SEARCH_USER_PATHS = NO;
				CLANG_ANALYZER_LOCALIZABILITY_NONLOCALIZED = YES;
				CLANG_CXX_LANGUAGE_STANDARD = "c++17";
				CLANG_CXX_LIBRARY = "libc++";
				CLANG_ENABLE_MODULES = YES;
				CLANG_ENABLE_OBJC_ARC = YES;
				CLANG_WARN_BLOCK_CAPTURE_AUTORELEASING = YES;
				CLANG_WARN_BOOL_CONVERSION = YES;
				CLANG_WARN_COMMA = YES;
				CLANG_WARN_CONSTANT_CONVERSION = YES;
				CLANG_WARN_DEPRECATED_OBJC_IMPLEMENTATIONS = YES;
				CLANG_WARN_DIRECT_OBJC_ISA_USAGE = YES_ERROR;
				CLANG_WARN_EMPTY_BODY = YES;
				CLANG_WARN_ENUM_CONVERSION = YES;
				CLANG_WARN_INFINITE_RECURSION = YES;
				CLANG_WARN_INT_CONVERSION = YES;
				CLANG_WARN_NON_LITERAL_NULL_CONVERSION = YES;
				CLANG_WARN_OBJC_IMPLICIT_RETAIN_SELF = YES;
				CLANG_WARN_OBJC_LITERAL_CONVERSION = YES;
				CLANG_WARN_OBJC_ROOT_CLASS = YES_ERROR;
				CLANG_WARN_RANGE_LOOP_ANALYSIS = YES;
				CLANG_WARN_STRICT_PROTOTYPES = YES;
				CLANG_WARN_SUSPICIOUS_MOVE = YES;
				CLANG_WARN_UNREACHABLE_CODE = YES;
				CLANG_WARN__DUPLICATE_METHOD_MATCH = YES;
				"CODE_SIGN_IDENTITY[sdk=iphoneos*]" = "iPhone Developer";
				COPY_PHASE_STRIP = NO;
				ENABLE_STRICT_OBJC_MSGSEND = YES;
				ENABLE_TESTABILITY = YES;
				"EXCLUDED_ARCHS[sdk=iphonesimulator*]" = "";
				GCC_C_LANGUAGE_STANDARD = gnu99;
				GCC_DYNAMIC_NO_PIC = NO;
				GCC_NO_COMMON_BLOCKS = YES;
				GCC_OPTIMIZATION_LEVEL = 0;
				GCC_PREPROCESSOR_DEFINITIONS = (
					"DEBUG=1",
					"$(inherited)",
				);
				GCC_SYMBOLS_PRIVATE_EXTERN = NO;
				GCC_WARN_64_TO_32_BIT_CONVERSION = YES;
				GCC_WARN_ABOUT_RETURN_TYPE = YES_ERROR;
				GCC_WARN_UNDECLARED_SELECTOR = YES;
				GCC_WARN_UNINITIALIZED_AUTOS = YES_AGGRESSIVE;
				GCC_WARN_UNUSED_FUNCTION = YES;
				GCC_WARN_UNUSED_VARIABLE = YES;
				IPHONEOS_DEPLOYMENT_TARGET = 12.4;
				LIBRARY_SEARCH_PATHS = (
					"$(SDKROOT)/usr/lib/swift",
					"$(TOOLCHAIN_DIR)/usr/lib/swift/$(PLATFORM_NAME)",
					"$(inherited)",
				);
				MTL_ENABLE_DEBUG_INFO = YES;
				ONLY_ACTIVE_ARCH = YES;
				OTHER_CFLAGS = (
					"$(inherited)",
					" ",
				);
				OTHER_CPLUSPLUSFLAGS = (
					"$(inherited)",
					" ",
				);
				REACT_NATIVE_PATH = "${PODS_ROOT}/../../node_modules/react-native";
				SDKROOT = iphoneos;
			};
			name = DebugDevelop;
		};
		04040656224F5C0200D9E237 /* DebugDevelop */ = {
			isa = XCBuildConfiguration;
			baseConfigurationReference = 80C5B86AE803BDF0C9CD6974 /* Pods-frontm_mobile.debugdevelop.xcconfig */;
			buildSettings = {
				ASSETCATALOG_COMPILER_APPICON_NAME = AppIconOnShip;
				CLANG_CXX_LANGUAGE_STANDARD = "c++17";
				CLANG_ENABLE_MODULES = YES;
				CODE_SIGN_ENTITLEMENTS = frontm_mobile/frontm_mobile.entitlements;
				CODE_SIGN_IDENTITY = "iPhone Distribution";
				"CODE_SIGN_IDENTITY[sdk=iphoneos*]" = "iPhone Developer";
				CODE_SIGN_STYLE = Manual;
				CURRENT_PROJECT_VERSION = 136;
				DEAD_CODE_STRIPPING = YES;
				DEVELOPMENT_TEAM = 6EZTYQSN4H;
				ENABLE_BITCODE = NO;
				FRAMEWORK_SEARCH_PATHS = (
					"$(HOME)/Documents/FacebookSDK",
					"$(inherited)",
					"$(PROJECT_DIR)",
					"$(PROJECT_DIR)/../node_modules/react-native-background-fetch/ios/**",
					"$(PROJECT_DIR)/../node_modules/react-native-background-geolocation/ios/**",
					"$(PROJECT_DIR)/Frameworks",
					"$(PROJECT_DIR)/Pods/TwilioVoice/Build/iOS",
				);
				GCC_NO_COMMON_BLOCKS = NO;
				GCC_PREPROCESSOR_DEFINITIONS = (
					"$(inherited)",
					"COCOAPODS=1",
					"$(inherited)",
					"FBSDKCOCOAPODS=1",
					"$(inherited)",
					"GPB_USE_PROTOBUF_FRAMEWORK_IMPORTS=1",
					"PJ_IPHONE_OS_HAS_MULTITASKING_SUPPORT=0",
				);
				HEADER_SEARCH_PATHS = (
					"$(HOME)/Documents/FacebookSDK",
					"$(inherited)",
					"$(SRCROOT)/../node_modules/react-native-audio/ios",
					"$(SRCROOT)/../node_modules/react-native-background-timer/ios",
					"$(SRCROOT)/../node_modules/react-native-camera/ios",
					"$(SRCROOT)/../node_modules/react-native-contacts/ios/RCTContacts",
					"$(SRCROOT)/../node_modules/react-native-fetch-blob/ios/**",
					"$(SRCROOT)/../node_modules/react-native-fs/**",
					"$(SRCROOT)/../node_modules/react-native-i18n/ios",
					"$(SRCROOT)/../node_modules/react-native-image-picker/ios",
					"$(SRCROOT)/../node_modules/react-native-keychain/RNKeychainManager",
					"$(SRCROOT)/../node_modules/react-native-maps/lib/ios/**",
					"$(SRCROOT)/../node_modules/react-native-sound/RNSound",
					"$(SRCROOT)/../node_modules/react-native-sqlite-storage/src/ios",
					"$(SRCROOT)/../node_modules/react-native-vector-icons/RNVectorIconsManager",
					"$(SRCROOT)/../node_modules/react-native-video/ios/**",
					"$(SRCROOT)/../node_modules/react-native-svg/ios/**",
					"$(SRCROOT)/../node_modules/react-native-google-signin/ios/RNGoogleSignin/**",
					"$(SRCROOT)/../node_modules/react-native-tcp/ios/**",
					"$(SRCROOT)/../node_modules/react-native-transformable-image/Demo/ios/Demo",
					"$(SRCROOT)/../node_modules/react-native-spring-scrollview/ios/SpringScrollView",
					"$(SRCROOT)/../node_modules/react-native-google-sign-in/ios/RNGoogleSignIn",
					"$(SRCROOT)/../node_modules/react-native-config/ios",
				);
				INFOPLIST_FILE = frontm_mobile/Info.plist;
				IPHONEOS_DEPLOYMENT_TARGET = 12.4;
				LD_RUNPATH_SEARCH_PATHS = "$(inherited) @executable_path/Frameworks";
				LIBRARY_SEARCH_PATHS = (
					"$(SDKROOT)/usr/lib/swift",
					"$(TOOLCHAIN_DIR)/usr/lib/swift/$(PLATFORM_NAME)",
					"$(inherited)",
					"$(PROJECT_DIR)",
				);
				MARKETING_VERSION = 2.2.3;
				OTHER_CFLAGS = (
					"$(inherited)",
					"-DFB_SONARKIT_ENABLED=1",
				);
				OTHER_LDFLAGS = "$(inherited)";
				PRODUCT_BUNDLE_IDENTIFIER = com.frontm.onship;
				PRODUCT_NAME = onship;
				PROVISIONING_PROFILE = "6bb2f070-95b2-4686-9ced-198baf4be48c";
				PROVISIONING_PROFILE_SPECIFIER = "match Development com.frontm.onship";
				SWIFT_OBJC_BRIDGING_HEADER = "frontm_mobile-Bridging-Header.h";
				SWIFT_OPTIMIZATION_LEVEL = "-Onone";
				SWIFT_VERSION = 5.0;
				TARGETED_DEVICE_FAMILY = "1,2";
				VERSIONING_SYSTEM = "apple-generic";
			};
			name = DebugDevelop;
		};
		04040658224F5C0A00D9E237 /* ReleaseDevelop */ = {
			isa = XCBuildConfiguration;
			buildSettings = {
				ALWAYS_SEARCH_USER_PATHS = NO;
				CLANG_ANALYZER_LOCALIZABILITY_NONLOCALIZED = YES;
				CLANG_CXX_LANGUAGE_STANDARD = "c++17";
				CLANG_CXX_LIBRARY = "libc++";
				CLANG_ENABLE_MODULES = YES;
				CLANG_ENABLE_OBJC_ARC = YES;
				CLANG_WARN_BLOCK_CAPTURE_AUTORELEASING = YES;
				CLANG_WARN_BOOL_CONVERSION = YES;
				CLANG_WARN_COMMA = YES;
				CLANG_WARN_CONSTANT_CONVERSION = YES;
				CLANG_WARN_DEPRECATED_OBJC_IMPLEMENTATIONS = YES;
				CLANG_WARN_DIRECT_OBJC_ISA_USAGE = YES_ERROR;
				CLANG_WARN_EMPTY_BODY = YES;
				CLANG_WARN_ENUM_CONVERSION = YES;
				CLANG_WARN_INFINITE_RECURSION = YES;
				CLANG_WARN_INT_CONVERSION = YES;
				CLANG_WARN_NON_LITERAL_NULL_CONVERSION = YES;
				CLANG_WARN_OBJC_IMPLICIT_RETAIN_SELF = YES;
				CLANG_WARN_OBJC_LITERAL_CONVERSION = YES;
				CLANG_WARN_OBJC_ROOT_CLASS = YES_ERROR;
				CLANG_WARN_RANGE_LOOP_ANALYSIS = YES;
				CLANG_WARN_STRICT_PROTOTYPES = YES;
				CLANG_WARN_SUSPICIOUS_MOVE = YES;
				CLANG_WARN_UNREACHABLE_CODE = YES;
				CLANG_WARN__DUPLICATE_METHOD_MATCH = YES;
				"CODE_SIGN_IDENTITY[sdk=iphoneos*]" = "iPhone Developer";
				COPY_PHASE_STRIP = YES;
				ENABLE_NS_ASSERTIONS = NO;
				ENABLE_STRICT_OBJC_MSGSEND = YES;
				"EXCLUDED_ARCHS[sdk=iphonesimulator*]" = "";
				GCC_C_LANGUAGE_STANDARD = gnu99;
				GCC_NO_COMMON_BLOCKS = YES;
				GCC_PREPROCESSOR_DEFINITIONS = "PJ_AUTOCONF=1";
				GCC_WARN_64_TO_32_BIT_CONVERSION = YES;
				GCC_WARN_ABOUT_RETURN_TYPE = YES_ERROR;
				GCC_WARN_UNDECLARED_SELECTOR = YES;
				GCC_WARN_UNINITIALIZED_AUTOS = YES_AGGRESSIVE;
				GCC_WARN_UNUSED_FUNCTION = YES;
				GCC_WARN_UNUSED_VARIABLE = YES;
				IPHONEOS_DEPLOYMENT_TARGET = 12.4;
				LIBRARY_SEARCH_PATHS = (
					"$(SDKROOT)/usr/lib/swift",
					"$(TOOLCHAIN_DIR)/usr/lib/swift/$(PLATFORM_NAME)",
					"$(inherited)",
				);
				MTL_ENABLE_DEBUG_INFO = NO;
				OTHER_CFLAGS = (
					"$(inherited)",
					" ",
				);
				OTHER_CPLUSPLUSFLAGS = (
					"$(inherited)",
					" ",
				);
				REACT_NATIVE_PATH = "${PODS_ROOT}/../../node_modules/react-native";
				SDKROOT = iphoneos;
				VALIDATE_PRODUCT = YES;
			};
			name = ReleaseDevelop;
		};
		04040659224F5C0A00D9E237 /* ReleaseDevelop */ = {
			isa = XCBuildConfiguration;
			baseConfigurationReference = BBE1EF23C128AC467A973A37 /* Pods-frontm_mobile.releasedevelop.xcconfig */;
			buildSettings = {
				ASSETCATALOG_COMPILER_APPICON_NAME = AppIconOnShip;
				CLANG_CXX_LANGUAGE_STANDARD = "c++17";
				CLANG_ENABLE_MODULES = YES;
				CODE_SIGN_ENTITLEMENTS = frontm_mobile/frontm_mobile.entitlements;
				CODE_SIGN_IDENTITY = "Apple Development";
				"CODE_SIGN_IDENTITY[sdk=iphoneos*]" = "iPhone Distribution";
				CODE_SIGN_STYLE = Manual;
				CURRENT_PROJECT_VERSION = 136;
				DEAD_CODE_STRIPPING = YES;
				DEVELOPMENT_TEAM = 6EZTYQSN4H;
				ENABLE_BITCODE = NO;
				FRAMEWORK_SEARCH_PATHS = (
					"$(HOME)/Documents/FacebookSDK",
					"$(inherited)",
					"$(PROJECT_DIR)",
					"$(PROJECT_DIR)/../node_modules/react-native-background-fetch/ios/**",
					"$(PROJECT_DIR)/../node_modules/react-native-background-geolocation/ios/**",
					"$(PROJECT_DIR)/Frameworks",
					"$(PROJECT_DIR)/Pods/TwilioVoice/Build/iOS",
				);
				GCC_NO_COMMON_BLOCKS = NO;
				GCC_PREPROCESSOR_DEFINITIONS = (
					"$(inherited)",
					"COCOAPODS=1",
					"$(inherited)",
					"FBSDKCOCOAPODS=1",
					"$(inherited)",
					"GPB_USE_PROTOBUF_FRAMEWORK_IMPORTS=1",
					"PJ_IPHONE_OS_HAS_MULTITASKING_SUPPORT=0",
				);
				HEADER_SEARCH_PATHS = (
					"$(HOME)/Documents/FacebookSDK",
					"$(inherited)",
					"$(SRCROOT)/../node_modules/react-native-audio/ios",
					"$(SRCROOT)/../node_modules/react-native-background-timer/ios",
					"$(SRCROOT)/../node_modules/react-native-camera/ios",
					"$(SRCROOT)/../node_modules/react-native-contacts/ios/RCTContacts",
					"$(SRCROOT)/../node_modules/react-native-fetch-blob/ios/**",
					"$(SRCROOT)/../node_modules/react-native-fs/**",
					"$(SRCROOT)/../node_modules/react-native-i18n/ios",
					"$(SRCROOT)/../node_modules/react-native-image-picker/ios",
					"$(SRCROOT)/../node_modules/react-native-keychain/RNKeychainManager",
					"$(SRCROOT)/../node_modules/react-native-maps/lib/ios/**",
					"$(SRCROOT)/../node_modules/react-native-sound/RNSound",
					"$(SRCROOT)/../node_modules/react-native-sqlite-storage/src/ios",
					"$(SRCROOT)/../node_modules/react-native-vector-icons/RNVectorIconsManager",
					"$(SRCROOT)/../node_modules/react-native-video/ios/**",
					"$(SRCROOT)/../node_modules/react-native-svg/ios/**",
					"$(SRCROOT)/../node_modules/react-native-google-signin/ios/RNGoogleSignin/**",
					"$(SRCROOT)/../node_modules/react-native-tcp/ios/**",
					"$(SRCROOT)/../node_modules/react-native-transformable-image/Demo/ios/Demo",
					"$(SRCROOT)/../node_modules/react-native-spring-scrollview/ios/SpringScrollView",
					"$(SRCROOT)/../node_modules/react-native-google-sign-in/ios/RNGoogleSignIn",
					"$(SRCROOT)/../node_modules/react-native-config/ios",
				);
				INFOPLIST_FILE = frontm_mobile/Info.plist;
				IPHONEOS_DEPLOYMENT_TARGET = 12.4;
				LD_RUNPATH_SEARCH_PATHS = "$(inherited) @executable_path/Frameworks";
				LIBRARY_SEARCH_PATHS = (
					"$(SDKROOT)/usr/lib/swift",
					"$(TOOLCHAIN_DIR)/usr/lib/swift/$(PLATFORM_NAME)",
					"$(inherited)",
					"$(PROJECT_DIR)",
				);
				MARKETING_VERSION = 2.2.3;
				OTHER_CFLAGS = (
					"$(inherited)",
					"-DFB_SONARKIT_ENABLED=1",
				);
				OTHER_LDFLAGS = "$(inherited)";
				PRODUCT_BUNDLE_IDENTIFIER = com.frontm.onship;
				PRODUCT_NAME = onship;
				PROVISIONING_PROFILE = "0133dd2a-964b-49cf-9c85-05b0c569fba7";
				PROVISIONING_PROFILE_SPECIFIER = "match AppStore com.frontm.onship";
				SWIFT_OBJC_BRIDGING_HEADER = "frontm_mobile-Bridging-Header.h";
				SWIFT_VERSION = 5.0;
				TARGETED_DEVICE_FAMILY = "1,2";
				VERSIONING_SYSTEM = "apple-generic";
			};
			name = ReleaseDevelop;
		};
		13B07F941A680F5B00A75B9A /* Debug */ = {
			isa = XCBuildConfiguration;
			baseConfigurationReference = 044BAB1C32841A25AE2C8BE8 /* Pods-frontm_mobile.debug.xcconfig */;
			buildSettings = {
				ASSETCATALOG_COMPILER_APPICON_NAME = AppIconOnShip;
				CLANG_CXX_LANGUAGE_STANDARD = "c++17";
				CLANG_ENABLE_MODULES = YES;
				CODE_SIGN_ENTITLEMENTS = frontm_mobile/frontm_mobile.entitlements;
				CODE_SIGN_IDENTITY = "iPhone Distribution";
				"CODE_SIGN_IDENTITY[sdk=iphoneos*]" = "iPhone Developer";
				CODE_SIGN_STYLE = Manual;
				CURRENT_PROJECT_VERSION = 136;
				DEAD_CODE_STRIPPING = YES;
				DEVELOPMENT_TEAM = 6EZTYQSN4H;
				ENABLE_BITCODE = NO;
				FRAMEWORK_SEARCH_PATHS = (
					"$(HOME)/Documents/FacebookSDK",
					"$(inherited)",
					"$(PROJECT_DIR)",
					"$(PROJECT_DIR)/../node_modules/react-native-background-fetch/ios/**",
					"$(PROJECT_DIR)/../node_modules/react-native-background-geolocation/ios/**",
					"$(PROJECT_DIR)/Frameworks",
					"$(PROJECT_DIR)/Pods/TwilioVoice/Build/iOS",
				);
				GCC_NO_COMMON_BLOCKS = NO;
				GCC_PREPROCESSOR_DEFINITIONS = (
					"$(inherited)",
					"COCOAPODS=1",
					"$(inherited)",
					"FBSDKCOCOAPODS=1",
					"$(inherited)",
					"GPB_USE_PROTOBUF_FRAMEWORK_IMPORTS=1",
				);
				HEADER_SEARCH_PATHS = (
					"$(HOME)/Documents/FacebookSDK",
					"$(inherited)",
					"$(SRCROOT)/../node_modules/react-native-audio/ios",
					"$(SRCROOT)/../node_modules/react-native-background-timer/ios",
					"$(SRCROOT)/../node_modules/react-native-camera/ios",
					"$(SRCROOT)/../node_modules/react-native-contacts/ios/RCTContacts",
					"$(SRCROOT)/../node_modules/react-native-fetch-blob/ios/**",
					"$(SRCROOT)/../node_modules/react-native-fs/**",
					"$(SRCROOT)/../node_modules/react-native-i18n/ios",
					"$(SRCROOT)/../node_modules/react-native-image-picker/ios",
					"$(SRCROOT)/../node_modules/react-native-keychain/RNKeychainManager",
					"$(SRCROOT)/../node_modules/react-native-maps/lib/ios/**",
					"$(SRCROOT)/../node_modules/react-native-sound/RNSound",
					"$(SRCROOT)/../node_modules/react-native-sqlite-storage/src/ios",
					"$(SRCROOT)/../node_modules/react-native-vector-icons/RNVectorIconsManager",
					"$(SRCROOT)/../node_modules/react-native-video/ios/**",
					"$(SRCROOT)/../node_modules/react-native-svg/ios/**",
					"$(SRCROOT)/../node_modules/react-native-google-signin/ios/RNGoogleSignin/**",
					"$(SRCROOT)/../node_modules/react-native-tcp/ios/**",
					"$(SRCROOT)/../node_modules/react-native-transformable-image/Demo/ios/Demo",
					"$(SRCROOT)/../node_modules/react-native-spring-scrollview/ios/SpringScrollView",
					"$(SRCROOT)/../node_modules/react-native-google-sign-in/ios/RNGoogleSignIn",
					"$(SRCROOT)/../node_modules/react-native-config/ios/**",
				);
				INFOPLIST_FILE = "frontm_mobile/Info-prod.plist";
				IPHONEOS_DEPLOYMENT_TARGET = 12.4;
				LD_RUNPATH_SEARCH_PATHS = "$(inherited) @executable_path/Frameworks";
				LIBRARY_SEARCH_PATHS = (
					"$(SDKROOT)/usr/lib/swift",
					"$(TOOLCHAIN_DIR)/usr/lib/swift/$(PLATFORM_NAME)",
					"$(inherited)",
					"$(PROJECT_DIR)",
				);
				MARKETING_VERSION = 2.2.3;
				OTHER_CFLAGS = (
					"$(inherited)",
					"-DFB_SONARKIT_ENABLED=1",
				);
				OTHER_LDFLAGS = "$(inherited)";
				PRODUCT_BUNDLE_IDENTIFIER = com.frontm.onship;
				PRODUCT_NAME = onship;
				PROVISIONING_PROFILE = "6bb2f070-95b2-4686-9ced-198baf4be48c";
				PROVISIONING_PROFILE_SPECIFIER = "match Development com.frontm.onship";
				SWIFT_OBJC_BRIDGING_HEADER = "frontm_mobile-Bridging-Header.h";
				SWIFT_OPTIMIZATION_LEVEL = "-Onone";
				SWIFT_VERSION = 5.0;
				TARGETED_DEVICE_FAMILY = "1,2";
				VERSIONING_SYSTEM = "apple-generic";
			};
			name = Debug;
		};
		13B07F951A680F5B00A75B9A /* Release */ = {
			isa = XCBuildConfiguration;
			baseConfigurationReference = C1082CBFB068E82C283DE1EB /* Pods-frontm_mobile.release.xcconfig */;
			buildSettings = {
				ASSETCATALOG_COMPILER_APPICON_NAME = AppIconOnShip;
				CLANG_CXX_LANGUAGE_STANDARD = "c++17";
				CLANG_ENABLE_MODULES = YES;
				CODE_SIGN_ENTITLEMENTS = frontm_mobile/frontm_mobile.entitlements;
				CODE_SIGN_IDENTITY = "Apple Development";
				"CODE_SIGN_IDENTITY[sdk=iphoneos*]" = "iPhone Distribution";
				CODE_SIGN_STYLE = Manual;
				CURRENT_PROJECT_VERSION = 136;
				DEAD_CODE_STRIPPING = YES;
				DEVELOPMENT_TEAM = 6EZTYQSN4H;
				ENABLE_BITCODE = NO;
				FRAMEWORK_SEARCH_PATHS = (
					"$(HOME)/Documents/FacebookSDK",
					"$(inherited)",
					"$(PROJECT_DIR)",
					"$(PROJECT_DIR)/../node_modules/react-native-background-fetch/ios/**",
					"$(PROJECT_DIR)/../node_modules/react-native-background-geolocation/ios/**",
					"$(PROJECT_DIR)/Frameworks",
					"$(PROJECT_DIR)/Pods/TwilioVoice/Build/iOS",
				);
				GCC_NO_COMMON_BLOCKS = NO;
				GCC_PREPROCESSOR_DEFINITIONS = (
					"$(inherited)",
					"COCOAPODS=1",
					"$(inherited)",
					"FBSDKCOCOAPODS=1",
					"$(inherited)",
					"GPB_USE_PROTOBUF_FRAMEWORK_IMPORTS=1",
					"PJ_IPHONE_OS_HAS_MULTITASKING_SUPPORT=0",
				);
				HEADER_SEARCH_PATHS = (
					"$(HOME)/Documents/FacebookSDK",
					"$(inherited)",
					"$(SRCROOT)/../node_modules/react-native-audio/ios",
					"$(SRCROOT)/../node_modules/react-native-background-timer/ios",
					"$(SRCROOT)/../node_modules/react-native-camera/ios",
					"$(SRCROOT)/../node_modules/react-native-contacts/ios/RCTContacts",
					"$(SRCROOT)/../node_modules/react-native-fetch-blob/ios/**",
					"$(SRCROOT)/../node_modules/react-native-fs/**",
					"$(SRCROOT)/../node_modules/react-native-i18n/ios",
					"$(SRCROOT)/../node_modules/react-native-image-picker/ios",
					"$(SRCROOT)/../node_modules/react-native-keychain/RNKeychainManager",
					"$(SRCROOT)/../node_modules/react-native-maps/lib/ios/**",
					"$(SRCROOT)/../node_modules/react-native-sound/RNSound",
					"$(SRCROOT)/../node_modules/react-native-sqlite-storage/src/ios",
					"$(SRCROOT)/../node_modules/react-native-vector-icons/RNVectorIconsManager",
					"$(SRCROOT)/../node_modules/react-native-video/ios/**",
					"$(SRCROOT)/../node_modules/react-native-svg/ios/**",
					"$(SRCROOT)/../node_modules/react-native-google-signin/ios/RNGoogleSignin/**",
					"$(SRCROOT)/../node_modules/react-native-tcp/ios/**",
					"$(SRCROOT)/../node_modules/react-native-transformable-image/Demo/ios/Demo",
					"$(SRCROOT)/../node_modules/react-native-spring-scrollview/ios/SpringScrollView",
					"$(SRCROOT)/../node_modules/react-native-google-sign-in/ios/RNGoogleSignIn",
					"$(SRCROOT)/../node_modules/react-native-config/ios",
				);
				INFOPLIST_FILE = "frontm_mobile/Info-prod.plist";
				IPHONEOS_DEPLOYMENT_TARGET = 12.4;
				LD_RUNPATH_SEARCH_PATHS = "$(inherited) @executable_path/Frameworks";
				LIBRARY_SEARCH_PATHS = (
					"$(SDKROOT)/usr/lib/swift",
					"$(TOOLCHAIN_DIR)/usr/lib/swift/$(PLATFORM_NAME)",
					"$(inherited)",
					"$(PROJECT_DIR)",
				);
				MARKETING_VERSION = 2.2.3;
				OTHER_CFLAGS = (
					"$(inherited)",
					"-DFB_SONARKIT_ENABLED=1",
				);
				OTHER_LDFLAGS = "$(inherited)";
				PRODUCT_BUNDLE_IDENTIFIER = com.frontm.onship;
				PRODUCT_NAME = onship;
				PROVISIONING_PROFILE = "0133dd2a-964b-49cf-9c85-05b0c569fba7";
				PROVISIONING_PROFILE_SPECIFIER = "match AppStore com.frontm.onship";
				SWIFT_OBJC_BRIDGING_HEADER = "frontm_mobile-Bridging-Header.h";
				SWIFT_VERSION = 5.0;
				TARGETED_DEVICE_FAMILY = "1,2";
				VERSIONING_SYSTEM = "apple-generic";
			};
			name = Release;
		};
		83CBBA201A601CBA00E9B192 /* Debug */ = {
			isa = XCBuildConfiguration;
			buildSettings = {
				ALWAYS_SEARCH_USER_PATHS = NO;
				CLANG_ANALYZER_LOCALIZABILITY_NONLOCALIZED = YES;
				CLANG_CXX_LANGUAGE_STANDARD = "c++17";
				CLANG_CXX_LIBRARY = "libc++";
				CLANG_ENABLE_MODULES = YES;
				CLANG_ENABLE_OBJC_ARC = YES;
				CLANG_WARN_BLOCK_CAPTURE_AUTORELEASING = YES;
				CLANG_WARN_BOOL_CONVERSION = YES;
				CLANG_WARN_COMMA = YES;
				CLANG_WARN_CONSTANT_CONVERSION = YES;
				CLANG_WARN_DEPRECATED_OBJC_IMPLEMENTATIONS = YES;
				CLANG_WARN_DIRECT_OBJC_ISA_USAGE = YES_ERROR;
				CLANG_WARN_EMPTY_BODY = YES;
				CLANG_WARN_ENUM_CONVERSION = YES;
				CLANG_WARN_INFINITE_RECURSION = YES;
				CLANG_WARN_INT_CONVERSION = YES;
				CLANG_WARN_NON_LITERAL_NULL_CONVERSION = YES;
				CLANG_WARN_OBJC_IMPLICIT_RETAIN_SELF = YES;
				CLANG_WARN_OBJC_LITERAL_CONVERSION = YES;
				CLANG_WARN_OBJC_ROOT_CLASS = YES_ERROR;
				CLANG_WARN_RANGE_LOOP_ANALYSIS = YES;
				CLANG_WARN_STRICT_PROTOTYPES = YES;
				CLANG_WARN_SUSPICIOUS_MOVE = YES;
				CLANG_WARN_UNREACHABLE_CODE = YES;
				CLANG_WARN__DUPLICATE_METHOD_MATCH = YES;
				"CODE_SIGN_IDENTITY[sdk=iphoneos*]" = "iPhone Developer";
				COPY_PHASE_STRIP = NO;
				ENABLE_STRICT_OBJC_MSGSEND = YES;
				ENABLE_TESTABILITY = YES;
				"EXCLUDED_ARCHS[sdk=iphonesimulator*]" = "";
				GCC_C_LANGUAGE_STANDARD = gnu99;
				GCC_DYNAMIC_NO_PIC = NO;
				GCC_NO_COMMON_BLOCKS = YES;
				GCC_OPTIMIZATION_LEVEL = 0;
				GCC_PREPROCESSOR_DEFINITIONS = (
					"DEBUG=1",
					"$(inherited)",
				);
				GCC_SYMBOLS_PRIVATE_EXTERN = NO;
				GCC_WARN_64_TO_32_BIT_CONVERSION = YES;
				GCC_WARN_ABOUT_RETURN_TYPE = YES_ERROR;
				GCC_WARN_UNDECLARED_SELECTOR = YES;
				GCC_WARN_UNINITIALIZED_AUTOS = YES_AGGRESSIVE;
				GCC_WARN_UNUSED_FUNCTION = YES;
				GCC_WARN_UNUSED_VARIABLE = YES;
				IPHONEOS_DEPLOYMENT_TARGET = 12.4;
				LIBRARY_SEARCH_PATHS = (
					"$(SDKROOT)/usr/lib/swift",
					"$(TOOLCHAIN_DIR)/usr/lib/swift/$(PLATFORM_NAME)",
					"$(inherited)",
				);
				MTL_ENABLE_DEBUG_INFO = YES;
				ONLY_ACTIVE_ARCH = YES;
				OTHER_CFLAGS = (
					"$(inherited)",
					" ",
				);
				OTHER_CPLUSPLUSFLAGS = (
					"$(inherited)",
					" ",
				);
				REACT_NATIVE_PATH = "${PODS_ROOT}/../../node_modules/react-native";
				SDKROOT = iphoneos;
			};
			name = Debug;
		};
		83CBBA211A601CBA00E9B192 /* Release */ = {
			isa = XCBuildConfiguration;
			buildSettings = {
				ALWAYS_SEARCH_USER_PATHS = NO;
				CLANG_ANALYZER_LOCALIZABILITY_NONLOCALIZED = YES;
				CLANG_CXX_LANGUAGE_STANDARD = "c++17";
				CLANG_CXX_LIBRARY = "libc++";
				CLANG_ENABLE_MODULES = YES;
				CLANG_ENABLE_OBJC_ARC = YES;
				CLANG_WARN_BLOCK_CAPTURE_AUTORELEASING = YES;
				CLANG_WARN_BOOL_CONVERSION = YES;
				CLANG_WARN_COMMA = YES;
				CLANG_WARN_CONSTANT_CONVERSION = YES;
				CLANG_WARN_DEPRECATED_OBJC_IMPLEMENTATIONS = YES;
				CLANG_WARN_DIRECT_OBJC_ISA_USAGE = YES_ERROR;
				CLANG_WARN_EMPTY_BODY = YES;
				CLANG_WARN_ENUM_CONVERSION = YES;
				CLANG_WARN_INFINITE_RECURSION = YES;
				CLANG_WARN_INT_CONVERSION = YES;
				CLANG_WARN_NON_LITERAL_NULL_CONVERSION = YES;
				CLANG_WARN_OBJC_IMPLICIT_RETAIN_SELF = YES;
				CLANG_WARN_OBJC_LITERAL_CONVERSION = YES;
				CLANG_WARN_OBJC_ROOT_CLASS = YES_ERROR;
				CLANG_WARN_RANGE_LOOP_ANALYSIS = YES;
				CLANG_WARN_STRICT_PROTOTYPES = YES;
				CLANG_WARN_SUSPICIOUS_MOVE = YES;
				CLANG_WARN_UNREACHABLE_CODE = YES;
				CLANG_WARN__DUPLICATE_METHOD_MATCH = YES;
				"CODE_SIGN_IDENTITY[sdk=iphoneos*]" = "iPhone Developer";
				COPY_PHASE_STRIP = YES;
				ENABLE_NS_ASSERTIONS = NO;
				ENABLE_STRICT_OBJC_MSGSEND = YES;
				"EXCLUDED_ARCHS[sdk=iphonesimulator*]" = "";
				GCC_C_LANGUAGE_STANDARD = gnu99;
				GCC_NO_COMMON_BLOCKS = YES;
				GCC_PREPROCESSOR_DEFINITIONS = "PJ_AUTOCONF=1";
				GCC_WARN_64_TO_32_BIT_CONVERSION = YES;
				GCC_WARN_ABOUT_RETURN_TYPE = YES_ERROR;
				GCC_WARN_UNDECLARED_SELECTOR = YES;
				GCC_WARN_UNINITIALIZED_AUTOS = YES_AGGRESSIVE;
				GCC_WARN_UNUSED_FUNCTION = YES;
				GCC_WARN_UNUSED_VARIABLE = YES;
				IPHONEOS_DEPLOYMENT_TARGET = 12.4;
				LIBRARY_SEARCH_PATHS = (
					"$(SDKROOT)/usr/lib/swift",
					"$(TOOLCHAIN_DIR)/usr/lib/swift/$(PLATFORM_NAME)",
					"$(inherited)",
				);
				MTL_ENABLE_DEBUG_INFO = NO;
				OTHER_CFLAGS = (
					"$(inherited)",
					" ",
				);
				OTHER_CPLUSPLUSFLAGS = (
					"$(inherited)",
					" ",
				);
				REACT_NATIVE_PATH = "${PODS_ROOT}/../../node_modules/react-native";
				SDKROOT = iphoneos;
				VALIDATE_PRODUCT = YES;
			};
			name = Release;
		};
/* End XCBuildConfiguration section */

/* Begin XCConfigurationList section */
		13B07F931A680F5B00A75B9A /* Build configuration list for PBXNativeTarget "frontm_mobile" */ = {
			isa = XCConfigurationList;
			buildConfigurations = (
				13B07F941A680F5B00A75B9A /* Debug */,
				04040656224F5C0200D9E237 /* DebugDevelop */,
				13B07F951A680F5B00A75B9A /* Release */,
				04040659224F5C0A00D9E237 /* ReleaseDevelop */,
			);
			defaultConfigurationIsVisible = 0;
			defaultConfigurationName = Release;
		};
		83CBB9FA1A601CBA00E9B192 /* Build configuration list for PBXProject "frontm_mobile" */ = {
			isa = XCConfigurationList;
			buildConfigurations = (
				83CBBA201A601CBA00E9B192 /* Debug */,
				04040655224F5C0200D9E237 /* DebugDevelop */,
				83CBBA211A601CBA00E9B192 /* Release */,
				04040658224F5C0A00D9E237 /* ReleaseDevelop */,
			);
			defaultConfigurationIsVisible = 0;
			defaultConfigurationName = Release;
		};
/* End XCConfigurationList section */
	};
	rootObject = 83CBB9F71A601CBA00E9B192 /* Project object */;
}
