PODS:
  - Bolts (1.9.0):
    - Bolts/AppLinks (= 1.9.0)
    - Bolts/Tasks (= 1.9.0)
  - Bolts/AppLinks (1.9.0):
    - Bolts/Tasks
  - Bolts/Tasks (1.9.0)
  - BoringSSL (10.0.6):
    - BoringSSL/Implementation (= 10.0.6)
    - BoringSSL/Interface (= 10.0.6)
  - BoringSSL/Implementation (10.0.6):
    - BoringSSL/Interface (= 10.0.6)
  - BoringSSL/Interface (10.0.6)
  - FBSDKCoreKit (4.29.0):
    - Bolts (~> 1.7)
  - FBSDKLoginKit (4.29.0):
    - FBSDKCoreKit
  - FBSDKShareKit (4.29.0):
    - FBSDKCoreKit
  - gRPC (1.14.1):
    - gRPC-RxLibrary (= 1.14.1)
    - gRPC/Main (= 1.14.1)
  - gRPC-Core (1.14.1):
    - gRPC-Core/Implementation (= 1.14.1)
    - gRPC-Core/Interface (= 1.14.1)
  - gRPC-Core/Implementation (1.14.1):
    - BoringSSL (~> 10.0)
    - gRPC-Core/Interface (= 1.14.1)
    - nanopb (~> 0.3)
  - gRPC-Core/Interface (1.14.1)
  - gRPC-ProtoRPC (1.14.1):
    - gRPC-ProtoRPC/Main (= 1.14.1)
  - gRPC-ProtoRPC/Main (1.14.1):
    - gRPC (= 1.14.1)
    - gRPC-RxLibrary (= 1.14.1)
    - Protobuf (~> 3.0)
  - gRPC-RxLibrary (1.14.1)
  - gRPC/Main (1.14.1):
    - gRPC-Core (= 1.14.1)
    - gRPC-RxLibrary (= 1.14.1)
  - nanopb (0.3.8):
    - nanopb/decode (= 0.3.8)
    - nanopb/encode (= 0.3.8)
  - nanopb/decode (0.3.8)
  - nanopb/encode (0.3.8)
  - Protobuf (3.6.1)
  - TwilioVoice (2.0.6)

DEPENDENCIES:
  - FBSDKCoreKit
  - FBSDKLoginKit
  - FBSDKShareKit
  - gRPC-ProtoRPC
  - TwilioVoice (~> 2.0.0)

SPEC CHECKSUMS:
  Bolts: ac6567323eac61e203f6a9763667d0f711be34c8
  BoringSSL: e10f92a27043805c01071fe815a5cd98ae8212e7
  FBSDKCoreKit: 6f139173dc63a1deaff4430a55f2fe5bb222d2af
  FBSDKLoginKit: 56a057ca6822535ea0faa25f57a7c41edb697fd4
  FBSDKShareKit: 18a2cd118aef11dd657fe7e8b64bae5c719088b2
  gRPC: 65fa2a50c4fd61940b76f4962d75c239c92c6a8d
  gRPC-Core: e3ace1e1161e75903135de8d8231bb69c9d35721
  gRPC-ProtoRPC: 78f976fc6a1eafc0e1f4965c255c313aa0859b1e
  gRPC-RxLibrary: c4c826507ad3c8c8fab6887f153938eb04b86d59
  nanopb: 5601e6bca2dbf1ed831b519092ec110f66982ca3
  Protobuf: 1eb9700044745f00181c136ef21b8ff3ad5a0fd5
  TwilioVoice: 10657be3313c8f6e269d0d0f469bf64633f6888e

PODFILE CHECKSUM: 3d0da05b149501b5c0a00e5b39bb238de5a23ad5

COCOAPODS: 1.3.1
